// !$*UTF8*$!
{
	archiveVersion = 1;
	classes = {
	};
	objectVersion = 52;
	objects = {

/* Begin PBXBuildFile section */
		5514FA8824948CE000AF78B2 /* LoginViewController.swift in Sources */ = {isa = PBXBuildFile; fileRef = 5514FA8724948CE000AF78B2 /* LoginViewController.swift */; };
		5514FA8A24948CFB00AF78B2 /* SignupViewController.swift in Sources */ = {isa = PBXBuildFile; fileRef = 5514FA8924948CFB00AF78B2 /* SignupViewController.swift */; };
		5514FA8C2494980E00AF78B2 /* Nib.swift in Sources */ = {isa = PBXBuildFile; fileRef = 5514FA8B2494980E00AF78B2 /* Nib.swift */; };
		5514FA912495FBC100AF78B2 /* LoginViewModel.swift in Sources */ = {isa = PBXBuildFile; fileRef = 5514FA902495FBC100AF78B2 /* LoginViewModel.swift */; };
		5514FAEF24A795E800AF78B2 /* UINavigationBarExtensions.swift in Sources */ = {isa = PBXBuildFile; fileRef = 5514FAEE24A795E800AF78B2 /* UINavigationBarExtensions.swift */; };
		5514FAF124A841A500AF78B2 /* TabBar.storyboard in Resources */ = {isa = PBXBuildFile; fileRef = 5514FAF024A841A500AF78B2 /* TabBar.storyboard */; };
		5514FAF324A8425700AF78B2 /* Login.storyboard in Resources */ = {isa = PBXBuildFile; fileRef = 5514FAF224A8425700AF78B2 /* Login.storyboard */; };
		5514FAF524A8599800AF78B2 /* TabBarController.swift in Sources */ = {isa = PBXBuildFile; fileRef = 5514FAF424A8599800AF78B2 /* TabBarController.swift */; };
		5514FAF824A8609E00AF78B2 /* HomeViewController.swift in Sources */ = {isa = PBXBuildFile; fileRef = 5514FAF724A8609E00AF78B2 /* HomeViewController.swift */; };
		5514FAFA24A860BF00AF78B2 /* ProfileViewController.swift in Sources */ = {isa = PBXBuildFile; fileRef = 5514FAF924A860BF00AF78B2 /* ProfileViewController.swift */; };
		5533483824A9B42100DFD13E /* LaunchViewController.swift in Sources */ = {isa = PBXBuildFile; fileRef = 5533483724A9B42100DFD13E /* LaunchViewController.swift */; };
		5537C17B248CBE9B00367F0C /* AppDelegate.swift in Sources */ = {isa = PBXBuildFile; fileRef = 5537C17A248CBE9B00367F0C /* AppDelegate.swift */; };
		5537C17D248CBE9B00367F0C /* SceneDelegate.swift in Sources */ = {isa = PBXBuildFile; fileRef = 5537C17C248CBE9B00367F0C /* SceneDelegate.swift */; };
		5537C184248CBE9C00367F0C /* Assets.xcassets in Resources */ = {isa = PBXBuildFile; fileRef = 5537C183248CBE9C00367F0C /* Assets.xcassets */; };
		5537C187248CBE9C00367F0C /* LaunchScreen.storyboard in Resources */ = {isa = PBXBuildFile; fileRef = 5537C185248CBE9C00367F0C /* LaunchScreen.storyboard */; };
		5537C1A0248D085D00367F0C /* JailBrokeCheck.swift in Sources */ = {isa = PBXBuildFile; fileRef = 5537C19F248D085D00367F0C /* JailBrokeCheck.swift */; };
		5537C1A2248D088900367F0C /* Keychain.swift in Sources */ = {isa = PBXBuildFile; fileRef = 5537C1A1248D088900367F0C /* Keychain.swift */; };
		5537C1A4248D092A00367F0C /* Configuration.swift in Sources */ = {isa = PBXBuildFile; fileRef = 5537C1A3248D092A00367F0C /* Configuration.swift */; };
		554482A924AEF96F0032E210 /* SectionHeaderView.swift in Sources */ = {isa = PBXBuildFile; fileRef = 554482A824AEF96F0032E210 /* SectionHeaderView.swift */; };
		554482AB24AEF9880032E210 /* SectionHeaderView.xib in Resources */ = {isa = PBXBuildFile; fileRef = 554482AA24AEF9880032E210 /* SectionHeaderView.xib */; };
		5548F86324D7C6FE009BFCFB /* UITabBarItemExtensions.swift in Sources */ = {isa = PBXBuildFile; fileRef = 5548F86224D7C6FE009BFCFB /* UITabBarItemExtensions.swift */; };
		5548F86724D7C77E009BFCFB /* UIWindowExtensions.swift in Sources */ = {isa = PBXBuildFile; fileRef = 5548F86624D7C77E009BFCFB /* UIWindowExtensions.swift */; };
		5548F86924D7C7D5009BFCFB /* UILabelExtensions.swift in Sources */ = {isa = PBXBuildFile; fileRef = 5548F86824D7C7D5009BFCFB /* UILabelExtensions.swift */; };
		5548F86B24D7C821009BFCFB /* StringExtensions.swift in Sources */ = {isa = PBXBuildFile; fileRef = 5548F86A24D7C821009BFCFB /* StringExtensions.swift */; };
		5548F86D24D7C856009BFCFB /* UISegmentControlExtensions.swift in Sources */ = {isa = PBXBuildFile; fileRef = 5548F86C24D7C856009BFCFB /* UISegmentControlExtensions.swift */; };
		5548F86F24D7C88A009BFCFB /* UITabBarExtensions.swift in Sources */ = {isa = PBXBuildFile; fileRef = 5548F86E24D7C88A009BFCFB /* UITabBarExtensions.swift */; };
		55A5B4A324D67CCD00F10070 /* TravellerTests.swift in Sources */ = {isa = PBXBuildFile; fileRef = 55A5B4A224D67CCD00F10070 /* TravellerTests.swift */; };
		55A5B4A524D67D2B00F10070 /* NavigationControllerMock.swift in Sources */ = {isa = PBXBuildFile; fileRef = 55A5B4A424D67D2B00F10070 /* NavigationControllerMock.swift */; };
		55A7F22124D7244A0058629E /* StoryBoardMock.swift in Sources */ = {isa = PBXBuildFile; fileRef = 55A7F22024D7244A0058629E /* StoryBoardMock.swift */; };
		55D3D91F248D4C2B00A20926 /* Alert.swift in Sources */ = {isa = PBXBuildFile; fileRef = 55D3D91E248D4C2B00A20926 /* Alert.swift */; };
		55D3D923248D5C5B00A20926 /* AnimateView.swift in Sources */ = {isa = PBXBuildFile; fileRef = 55D3D922248D5C5B00A20926 /* AnimateView.swift */; };
		55D3D929248F7B3200A20926 /* LoadingIndicator.swift in Sources */ = {isa = PBXBuildFile; fileRef = 55D3D928248F7B3200A20926 /* LoadingIndicator.swift */; };
		55D3D92B248F7BFB00A20926 /* LoadingIndicator.xib in Resources */ = {isa = PBXBuildFile; fileRef = 55D3D92A248F7BFB00A20926 /* LoadingIndicator.xib */; };
		55D3D9302492762A00A20926 /* CustomPopup.swift in Sources */ = {isa = PBXBuildFile; fileRef = 55D3D92F2492762A00A20926 /* CustomPopup.swift */; };
		55D3D9322492765200A20926 /* CustomPopup.xib in Resources */ = {isa = PBXBuildFile; fileRef = 55D3D9312492765200A20926 /* CustomPopup.xib */; };
		7CEA7B33A17E0AA8D1A03F42 /* Pods_MVVM_TTests.framework in Frameworks */ = {isa = PBXBuildFile; fileRef = 622409390331086E44E5F725 /* Pods_MVVM_TTests.framework */; };
		925642686C63AB15E571F653 /* Pods_MVVM_T.framework in Frameworks */ = {isa = PBXBuildFile; fileRef = 5DBB78B61B259D9E59C9F22B /* Pods_MVVM_T.framework */; };
		A2314C8625B97B88007962C3 /* CoreDataProtocols.swift in Sources */ = {isa = PBXBuildFile; fileRef = A2314C8525B97B88007962C3 /* CoreDataProtocols.swift */; };
		A2314DD425BC8448007962C3 /* LoginViewModelProtocol.swift in Sources */ = {isa = PBXBuildFile; fileRef = A2314DD325BC8448007962C3 /* LoginViewModelProtocol.swift */; };
		A231C3F3254FC1DD008CBED9 /* NetworkEnvironment.swift in Sources */ = {isa = PBXBuildFile; fileRef = A231C3ED254FC1DD008CBED9 /* NetworkEnvironment.swift */; };
		A231C421254FC3F1008CBED9 /* UserService.swift in Sources */ = {isa = PBXBuildFile; fileRef = A231C41F254FC3F0008CBED9 /* UserService.swift */; };
		A231C422254FC3F1008CBED9 /* UserServiceEndPoint.swift in Sources */ = {isa = PBXBuildFile; fileRef = A231C420254FC3F1008CBED9 /* UserServiceEndPoint.swift */; };
		A231C42A254FC89E008CBED9 /* SSLPinningKeys.swift in Sources */ = {isa = PBXBuildFile; fileRef = A231C429254FC89E008CBED9 /* SSLPinningKeys.swift */; };
		A23316D5261207400075B82F /* DependencyContainer in Frameworks */ = {isa = PBXBuildFile; productRef = A23316D4261207400075B82F /* DependencyContainer */; };
		A23316DA261207BB0075B82F /* _Dependencies.swift in Sources */ = {isa = PBXBuildFile; fileRef = A23316D9261207BB0075B82F /* _Dependencies.swift */; };
		A233170E26203C7B0075B82F /* Reachability in Frameworks */ = {isa = PBXBuildFile; productRef = A233170D26203C7B0075B82F /* Reachability */; };
		A233172C262043B00075B82F /* FirebaseAnalytics in Frameworks */ = {isa = PBXBuildFile; productRef = A233172B262043B00075B82F /* FirebaseAnalytics */; };
		A233172E262043B00075B82F /* FirebaseAuth in Frameworks */ = {isa = PBXBuildFile; productRef = A233172D262043B00075B82F /* FirebaseAuth */; };
		A2331741262045200075B82F /* SwiftKeychainWrapper in Frameworks */ = {isa = PBXBuildFile; productRef = A2331740262045200075B82F /* SwiftKeychainWrapper */; };
		A233175326207D600075B82F /* FacebookCore in Frameworks */ = {isa = PBXBuildFile; productRef = A233175226207D600075B82F /* FacebookCore */; };
		A233175526207D600075B82F /* FacebookLogin in Frameworks */ = {isa = PBXBuildFile; productRef = A233175426207D600075B82F /* FacebookLogin */; };
		A246E61024E161D800D4289F /* UserDefaultHelperProtocols.swift in Sources */ = {isa = PBXBuildFile; fileRef = A246E60F24E161D800D4289F /* UserDefaultHelperProtocols.swift */; };
		A246E61324E1627700D4289F /* UserDefaultsHelperTests.swift in Sources */ = {isa = PBXBuildFile; fileRef = A246E61224E1627700D4289F /* UserDefaultsHelperTests.swift */; };
		A246E61524E16C6B00D4289F /* UserDefaultsMocks.swift in Sources */ = {isa = PBXBuildFile; fileRef = A246E61424E16C6B00D4289F /* UserDefaultsMocks.swift */; };
		A246E61824E1BC3800D4289F /* Authentication.swift in Sources */ = {isa = PBXBuildFile; fileRef = A246E61724E1BC3800D4289F /* Authentication.swift */; };
		A246E61A24E1BC5400D4289F /* AutoLogin.swift in Sources */ = {isa = PBXBuildFile; fileRef = A246E61924E1BC5400D4289F /* AutoLogin.swift */; };
		A25745D82590E7700009C718 /* SafariServices.framework in Frameworks */ = {isa = PBXBuildFile; fileRef = A25745D72590E7700009C718 /* SafariServices.framework */; };
		A25745DA2590E77A0009C718 /* AuthenticationServices.framework in Frameworks */ = {isa = PBXBuildFile; fileRef = A25745D92590E77A0009C718 /* AuthenticationServices.framework */; };
		A25745DC2590E7830009C718 /* SystemConfiguration.framework in Frameworks */ = {isa = PBXBuildFile; fileRef = A25745DB2590E7830009C718 /* SystemConfiguration.framework */; };
		A25745E32591C1530009C718 /* GoogleSignIn.swift in Sources */ = {isa = PBXBuildFile; fileRef = A25745E22591C1530009C718 /* GoogleSignIn.swift */; };
		A25745F92591DB040009C718 /* GoogleService-Info.plist in Resources */ = {isa = PBXBuildFile; fileRef = A25745F82591DB040009C718 /* GoogleService-Info.plist */; };
		A2574614259260100009C718 /* FirebaseAnalytics.swift in Sources */ = {isa = PBXBuildFile; fileRef = A2574613259260100009C718 /* FirebaseAnalytics.swift */; };
		A257465C25946BF20009C718 /* TabTransistion.swift in Sources */ = {isa = PBXBuildFile; fileRef = A257465B25946BF20009C718 /* TabTransistion.swift */; };
		A2574662259473090009C718 /* TabFadeAnimation.swift in Sources */ = {isa = PBXBuildFile; fileRef = A2574661259473090009C718 /* TabFadeAnimation.swift */; };
		A25C0EEE24DC747F00E13292 /* ViewControllerMock.swift in Sources */ = {isa = PBXBuildFile; fileRef = A25C0EED24DC747F00E13292 /* ViewControllerMock.swift */; };
		A25C0EF024DE6F5400E13292 /* WindowMock.swift in Sources */ = {isa = PBXBuildFile; fileRef = A25C0EEF24DE6F5400E13292 /* WindowMock.swift */; };
		A25C0EF224DEC63200E13292 /* HomeDetailsViewController.swift in Sources */ = {isa = PBXBuildFile; fileRef = A25C0EF124DEC63200E13292 /* HomeDetailsViewController.swift */; };
		A25C0EF424DED62100E13292 /* ForgotPasswordViewController.swift in Sources */ = {isa = PBXBuildFile; fileRef = A25C0EF324DED62100E13292 /* ForgotPasswordViewController.swift */; };
		A25E2C3324E90C19003A8942 /* UIDateExtensions.swift in Sources */ = {isa = PBXBuildFile; fileRef = A25E2C3224E90C19003A8942 /* UIDateExtensions.swift */; };
		A2604DCA24E58A5300945435 /* BioMetricAuthentication.swift in Sources */ = {isa = PBXBuildFile; fileRef = A2604DC924E58A5300945435 /* BioMetricAuthentication.swift */; };
		A2604DCC24E58A7200945435 /* LocalAuthentication.framework in Frameworks */ = {isa = PBXBuildFile; fileRef = A2604DCB24E58A7200945435 /* LocalAuthentication.framework */; };
		A2651889252998330027A085 /* TabeledCollectionCustomCell.swift in Sources */ = {isa = PBXBuildFile; fileRef = A2651887252998330027A085 /* TabeledCollectionCustomCell.swift */; };
		A265188A252998330027A085 /* TabeledCollectionCustomCell.xib in Resources */ = {isa = PBXBuildFile; fileRef = A2651888252998330027A085 /* TabeledCollectionCustomCell.xib */; };
		A2651893252999720027A085 /* UserModel.swift in Sources */ = {isa = PBXBuildFile; fileRef = A2651892252999720027A085 /* UserModel.swift */; };
		A26518AD25299FA10027A085 /* CustomPageControl.swift in Sources */ = {isa = PBXBuildFile; fileRef = A26518A625299FA00027A085 /* CustomPageControl.swift */; };
		A26518AE25299FA10027A085 /* CustomView.swift in Sources */ = {isa = PBXBuildFile; fileRef = A26518A725299FA00027A085 /* CustomView.swift */; };
		A26518AF25299FA10027A085 /* LayoutHelper.swift in Sources */ = {isa = PBXBuildFile; fileRef = A26518A825299FA00027A085 /* LayoutHelper.swift */; };
		A26518B025299FA10027A085 /* CustomImageView.swift in Sources */ = {isa = PBXBuildFile; fileRef = A26518A925299FA00027A085 /* CustomImageView.swift */; };
		A26518B125299FA10027A085 /* CustomLabel.swift in Sources */ = {isa = PBXBuildFile; fileRef = A26518AA25299FA00027A085 /* CustomLabel.swift */; };
		A26518B225299FA10027A085 /* CustomTextField.swift in Sources */ = {isa = PBXBuildFile; fileRef = A26518AB25299FA00027A085 /* CustomTextField.swift */; };
		A26518B325299FA10027A085 /* CustomButton.swift in Sources */ = {isa = PBXBuildFile; fileRef = A26518AC25299FA00027A085 /* CustomButton.swift */; };
		A26518BF2529A0340027A085 /* CustomSegmentControl.swift in Sources */ = {isa = PBXBuildFile; fileRef = A26518B62529A0340027A085 /* CustomSegmentControl.swift */; };
		A26518C02529A0340027A085 /* DeviceHelper.swift in Sources */ = {isa = PBXBuildFile; fileRef = A26518B72529A0340027A085 /* DeviceHelper.swift */; };
		A26518C12529A0340027A085 /* PopupList.xib in Resources */ = {isa = PBXBuildFile; fileRef = A26518B82529A0340027A085 /* PopupList.xib */; };
		A26518C22529A0340027A085 /* ImagePicker.swift in Sources */ = {isa = PBXBuildFile; fileRef = A26518B92529A0340027A085 /* ImagePicker.swift */; };
		A26518C32529A0340027A085 /* DatePicker.swift in Sources */ = {isa = PBXBuildFile; fileRef = A26518BA2529A0340027A085 /* DatePicker.swift */; };
		A26518C42529A0340027A085 /* LocationManager.swift in Sources */ = {isa = PBXBuildFile; fileRef = A26518BB2529A0340027A085 /* LocationManager.swift */; };
		A26518C52529A0340027A085 /* PopupList.swift in Sources */ = {isa = PBXBuildFile; fileRef = A26518BC2529A0340027A085 /* PopupList.swift */; };
		A26518C62529A0340027A085 /* Validator.swift in Sources */ = {isa = PBXBuildFile; fileRef = A26518BD2529A0340027A085 /* Validator.swift */; };
		A26518C72529A0340027A085 /* PublicEnums.swift in Sources */ = {isa = PBXBuildFile; fileRef = A26518BE2529A0340027A085 /* PublicEnums.swift */; };
		A26518D72529A0A00027A085 /* UIFontExtensions.swift in Sources */ = {isa = PBXBuildFile; fileRef = A26518CA2529A0A00027A085 /* UIFontExtensions.swift */; };
		A26518D82529A0A00027A085 /* UIViewExtensions.swift in Sources */ = {isa = PBXBuildFile; fileRef = A26518CB2529A0A00027A085 /* UIViewExtensions.swift */; };
		A26518D92529A0A00027A085 /* UIViewControllerExtensions.swift in Sources */ = {isa = PBXBuildFile; fileRef = A26518CC2529A0A00027A085 /* UIViewControllerExtensions.swift */; };
		A26518DA2529A0A00027A085 /* UINavigationItemExtensions.swift in Sources */ = {isa = PBXBuildFile; fileRef = A26518CD2529A0A00027A085 /* UINavigationItemExtensions.swift */; };
		A26518DB2529A0A00027A085 /* UIImageExtensions.swift in Sources */ = {isa = PBXBuildFile; fileRef = A26518CE2529A0A00027A085 /* UIImageExtensions.swift */; };
		A26518DC2529A0A00027A085 /* UIResponderExtensions.swift in Sources */ = {isa = PBXBuildFile; fileRef = A26518CF2529A0A00027A085 /* UIResponderExtensions.swift */; };
		A26518DE2529A0A00027A085 /* ArrayExtensions.swift in Sources */ = {isa = PBXBuildFile; fileRef = A26518D12529A0A00027A085 /* ArrayExtensions.swift */; };
		A26518DF2529A0A00027A085 /* NSAttributedStringExtensions.swift in Sources */ = {isa = PBXBuildFile; fileRef = A26518D22529A0A00027A085 /* NSAttributedStringExtensions.swift */; };
		A26518E02529A0A00027A085 /* UIColorExtensions.swift in Sources */ = {isa = PBXBuildFile; fileRef = A26518D32529A0A00027A085 /* UIColorExtensions.swift */; };
		A26518E12529A0A00027A085 /* UIButtonExtensions.swift in Sources */ = {isa = PBXBuildFile; fileRef = A26518D42529A0A00027A085 /* UIButtonExtensions.swift */; };
		A26518E22529A0A00027A085 /* UITextFieldExtensions.swift in Sources */ = {isa = PBXBuildFile; fileRef = A26518D52529A0A00027A085 /* UITextFieldExtensions.swift */; };
		A26518E32529A0A00027A085 /* UINavigationControllerExtensions.swift in Sources */ = {isa = PBXBuildFile; fileRef = A26518D62529A0A00027A085 /* UINavigationControllerExtensions.swift */; };
		A26518ED2529A3150027A085 /* CountryCode.json in Resources */ = {isa = PBXBuildFile; fileRef = A26518EC2529A3140027A085 /* CountryCode.json */; };
		A26518F12529A3420027A085 /* Countries.swift in Sources */ = {isa = PBXBuildFile; fileRef = A26518F02529A3420027A085 /* Countries.swift */; };
		A26518FA2529A4D60027A085 /* UserManager.swift in Sources */ = {isa = PBXBuildFile; fileRef = A26518F92529A4D60027A085 /* UserManager.swift */; };
		A26519012529A5090027A085 /* UserRepository.swift in Sources */ = {isa = PBXBuildFile; fileRef = A26519002529A5090027A085 /* UserRepository.swift */; };
		A26519072529A5820027A085 /* PersistentStorage.swift in Sources */ = {isa = PBXBuildFile; fileRef = A26519062529A5820027A085 /* PersistentStorage.swift */; };
		A265190C2529A8C60027A085 /* SomeX.xcdatamodeld in Sources */ = {isa = PBXBuildFile; fileRef = A265190A2529A8C60027A085 /* SomeX.xcdatamodeld */; };
		A26519562529B8A60027A085 /* UsersCustomCell.swift in Sources */ = {isa = PBXBuildFile; fileRef = A26519542529B8A60027A085 /* UsersCustomCell.swift */; };
		A26519572529B8A60027A085 /* UsersCustomCell.xib in Resources */ = {isa = PBXBuildFile; fileRef = A26519552529B8A60027A085 /* UsersCustomCell.xib */; };
		A26E19D125986BFD006A7D63 /* FacebookSignIn.swift in Sources */ = {isa = PBXBuildFile; fileRef = A26E19D025986BFD006A7D63 /* FacebookSignIn.swift */; };
		A26E1A1D2598BE92006A7D63 /* AppleSignIn.swift in Sources */ = {isa = PBXBuildFile; fileRef = A26E1A1C2598BE92006A7D63 /* AppleSignIn.swift */; };
		A26E1A242598F22F006A7D63 /* AppleSignIn+Extension.swift in Sources */ = {isa = PBXBuildFile; fileRef = A26E1A232598F22F006A7D63 /* AppleSignIn+Extension.swift */; };
		A26E1A282599A1DE006A7D63 /* TwitterSignIn.swift in Sources */ = {isa = PBXBuildFile; fileRef = A26E1A272599A1DE006A7D63 /* TwitterSignIn.swift */; };
		A26E1A2C2599CCFC006A7D63 /* SocialSignInProtocols.swift in Sources */ = {isa = PBXBuildFile; fileRef = A26E1A2B2599CCFC006A7D63 /* SocialSignInProtocols.swift */; };
		A283A03F259B3B07003A073B /* FirebaseSignIn.swift in Sources */ = {isa = PBXBuildFile; fileRef = A283A03E259B3B07003A073B /* FirebaseSignIn.swift */; };
		A283A04A259BA0F8003A073B /* SocialSignInDelegates.swift in Sources */ = {isa = PBXBuildFile; fileRef = A283A049259BA0F8003A073B /* SocialSignInDelegates.swift */; };
		A294FC25264643B30011F0D8 /* DummyModel.swift in Sources */ = {isa = PBXBuildFile; fileRef = A294FC24264643B30011F0D8 /* DummyModel.swift */; };
		A294FC532646C8F50011F0D8 /* TravellerEnums.swift in Sources */ = {isa = PBXBuildFile; fileRef = A294FC512646C8F50011F0D8 /* TravellerEnums.swift */; };
		A294FC542646C8F50011F0D8 /* TravellerProtocols.swift in Sources */ = {isa = PBXBuildFile; fileRef = A294FC522646C8F50011F0D8 /* TravellerProtocols.swift */; };
		A2A95B992645B927009C8DB4 /* GenericCollectionsPackage in Frameworks */ = {isa = PBXBuildFile; productRef = A2A95B982645B927009C8DB4 /* GenericCollectionsPackage */; };
		A2AF841E24DFE64700BA174F /* UserDefaultsHelper.swift in Sources */ = {isa = PBXBuildFile; fileRef = A2AF841D24DFE64700BA174F /* UserDefaultsHelper.swift */; };
		A2F2383625C2A54C00C27931 /* SwiftTraveller in Frameworks */ = {isa = PBXBuildFile; productRef = A2F2383525C2A54C00C27931 /* SwiftTraveller */; };
		A2FB6470264A49FB00ED0084 /* SharedNetworkClient.swift in Sources */ = {isa = PBXBuildFile; fileRef = A2FB646F264A49FB00ED0084 /* SharedNetworkClient.swift */; };
		A2FB6474264A6C2F00ED0084 /* UINotifications+Extensions.swift in Sources */ = {isa = PBXBuildFile; fileRef = A2FB6473264A6C2F00ED0084 /* UINotifications+Extensions.swift */; };
		A2FB6482264AA16C00ED0084 /* NetworkClient.framework in Frameworks */ = {isa = PBXBuildFile; fileRef = A2FB6480264AA16500ED0084 /* NetworkClient.framework */; };
		A2FB6483264AA16C00ED0084 /* NetworkClient.framework in Embed Frameworks */ = {isa = PBXBuildFile; fileRef = A2FB6480264AA16500ED0084 /* NetworkClient.framework */; settings = {ATTRIBUTES = (RemoveHeadersOnCopy, ); }; };
/* End PBXBuildFile section */

/* Begin PBXContainerItemProxy section */
		55A5B49A24D67C9400F10070 /* PBXContainerItemProxy */ = {
			isa = PBXContainerItemProxy;
			containerPortal = 5537C16F248CBE9B00367F0C /* Project object */;
			proxyType = 1;
			remoteGlobalIDString = 5537C176248CBE9B00367F0C;
			remoteInfo = LasoCare;
		};
/* End PBXContainerItemProxy section */

/* Begin PBXCopyFilesBuildPhase section */
		A2FB6477264A6F2300ED0084 /* Embed Frameworks */ = {
			isa = PBXCopyFilesBuildPhase;
			buildActionMask = 2147483647;
			dstPath = "";
			dstSubfolderSpec = 10;
			files = (
				A2FB6483264AA16C00ED0084 /* NetworkClient.framework in Embed Frameworks */,
			);
			name = "Embed Frameworks";
			runOnlyForDeploymentPostprocessing = 0;
		};
/* End PBXCopyFilesBuildPhase section */

/* Begin PBXFileReference section */
		354D7D0A6BFBFCFB871C03AD /* Pods-MVVM-T.release.xcconfig */ = {isa = PBXFileReference; includeInIndex = 1; lastKnownFileType = text.xcconfig; name = "Pods-MVVM-T.release.xcconfig"; path = "Target Support Files/Pods-MVVM-T/Pods-MVVM-T.release.xcconfig"; sourceTree = "<group>"; };
		44217978B490AD4CC4EAA7C2 /* Pods-MVVM-T.debug.xcconfig */ = {isa = PBXFileReference; includeInIndex = 1; lastKnownFileType = text.xcconfig; name = "Pods-MVVM-T.debug.xcconfig"; path = "Target Support Files/Pods-MVVM-T/Pods-MVVM-T.debug.xcconfig"; sourceTree = "<group>"; };
		54C356A8901B6045622A963A /* Pods-MVVM-TTests.release.xcconfig */ = {isa = PBXFileReference; includeInIndex = 1; lastKnownFileType = text.xcconfig; name = "Pods-MVVM-TTests.release.xcconfig"; path = "Target Support Files/Pods-MVVM-TTests/Pods-MVVM-TTests.release.xcconfig"; sourceTree = "<group>"; };
		5514FA8724948CE000AF78B2 /* LoginViewController.swift */ = {isa = PBXFileReference; lastKnownFileType = sourcecode.swift; path = LoginViewController.swift; sourceTree = "<group>"; };
		5514FA8924948CFB00AF78B2 /* SignupViewController.swift */ = {isa = PBXFileReference; lastKnownFileType = sourcecode.swift; path = SignupViewController.swift; sourceTree = "<group>"; };
		5514FA8B2494980E00AF78B2 /* Nib.swift */ = {isa = PBXFileReference; lastKnownFileType = sourcecode.swift; path = Nib.swift; sourceTree = "<group>"; };
		5514FA902495FBC100AF78B2 /* LoginViewModel.swift */ = {isa = PBXFileReference; lastKnownFileType = sourcecode.swift; path = LoginViewModel.swift; sourceTree = "<group>"; };
		5514FAEE24A795E800AF78B2 /* UINavigationBarExtensions.swift */ = {isa = PBXFileReference; lastKnownFileType = sourcecode.swift; path = UINavigationBarExtensions.swift; sourceTree = "<group>"; };
		5514FAF024A841A500AF78B2 /* TabBar.storyboard */ = {isa = PBXFileReference; lastKnownFileType = file.storyboard; path = TabBar.storyboard; sourceTree = "<group>"; };
		5514FAF224A8425700AF78B2 /* Login.storyboard */ = {isa = PBXFileReference; lastKnownFileType = file.storyboard; path = Login.storyboard; sourceTree = "<group>"; };
		5514FAF424A8599800AF78B2 /* TabBarController.swift */ = {isa = PBXFileReference; lastKnownFileType = sourcecode.swift; path = TabBarController.swift; sourceTree = "<group>"; };
		5514FAF724A8609E00AF78B2 /* HomeViewController.swift */ = {isa = PBXFileReference; lastKnownFileType = sourcecode.swift; path = HomeViewController.swift; sourceTree = "<group>"; };
		5514FAF924A860BF00AF78B2 /* ProfileViewController.swift */ = {isa = PBXFileReference; lastKnownFileType = sourcecode.swift; path = ProfileViewController.swift; sourceTree = "<group>"; };
		5533483724A9B42100DFD13E /* LaunchViewController.swift */ = {isa = PBXFileReference; lastKnownFileType = sourcecode.swift; path = LaunchViewController.swift; sourceTree = "<group>"; };
		5537C177248CBE9B00367F0C /* MVVM-T.app */ = {isa = PBXFileReference; explicitFileType = wrapper.application; includeInIndex = 0; path = "MVVM-T.app"; sourceTree = BUILT_PRODUCTS_DIR; };
		5537C17A248CBE9B00367F0C /* AppDelegate.swift */ = {isa = PBXFileReference; lastKnownFileType = sourcecode.swift; path = AppDelegate.swift; sourceTree = "<group>"; };
		5537C17C248CBE9B00367F0C /* SceneDelegate.swift */ = {isa = PBXFileReference; lastKnownFileType = sourcecode.swift; path = SceneDelegate.swift; sourceTree = "<group>"; };
		5537C183248CBE9C00367F0C /* Assets.xcassets */ = {isa = PBXFileReference; lastKnownFileType = folder.assetcatalog; path = Assets.xcassets; sourceTree = "<group>"; };
		5537C186248CBE9C00367F0C /* Base */ = {isa = PBXFileReference; lastKnownFileType = file.storyboard; name = Base; path = Base.lproj/LaunchScreen.storyboard; sourceTree = "<group>"; };
		5537C188248CBE9C00367F0C /* Info.plist */ = {isa = PBXFileReference; lastKnownFileType = text.plist.xml; path = Info.plist; sourceTree = "<group>"; };
		5537C19F248D085D00367F0C /* JailBrokeCheck.swift */ = {isa = PBXFileReference; lastKnownFileType = sourcecode.swift; path = JailBrokeCheck.swift; sourceTree = "<group>"; };
		5537C1A1248D088900367F0C /* Keychain.swift */ = {isa = PBXFileReference; lastKnownFileType = sourcecode.swift; path = Keychain.swift; sourceTree = "<group>"; };
		5537C1A3248D092A00367F0C /* Configuration.swift */ = {isa = PBXFileReference; fileEncoding = 4; lastKnownFileType = sourcecode.swift; path = Configuration.swift; sourceTree = "<group>"; };
		5537C1A5248D096300367F0C /* Release.xcconfig */ = {isa = PBXFileReference; lastKnownFileType = text.xcconfig; path = Release.xcconfig; sourceTree = "<group>"; };
		5537C1A6248D09A300367F0C /* Debug.xcconfig */ = {isa = PBXFileReference; lastKnownFileType = text.xcconfig; path = Debug.xcconfig; sourceTree = "<group>"; };
		554482A824AEF96F0032E210 /* SectionHeaderView.swift */ = {isa = PBXFileReference; lastKnownFileType = sourcecode.swift; path = SectionHeaderView.swift; sourceTree = "<group>"; };
		554482AA24AEF9880032E210 /* SectionHeaderView.xib */ = {isa = PBXFileReference; lastKnownFileType = file.xib; path = SectionHeaderView.xib; sourceTree = "<group>"; };
		5548F86224D7C6FE009BFCFB /* UITabBarItemExtensions.swift */ = {isa = PBXFileReference; lastKnownFileType = sourcecode.swift; path = UITabBarItemExtensions.swift; sourceTree = "<group>"; };
		5548F86624D7C77E009BFCFB /* UIWindowExtensions.swift */ = {isa = PBXFileReference; lastKnownFileType = sourcecode.swift; path = UIWindowExtensions.swift; sourceTree = "<group>"; };
		5548F86824D7C7D5009BFCFB /* UILabelExtensions.swift */ = {isa = PBXFileReference; lastKnownFileType = sourcecode.swift; path = UILabelExtensions.swift; sourceTree = "<group>"; };
		5548F86A24D7C821009BFCFB /* StringExtensions.swift */ = {isa = PBXFileReference; lastKnownFileType = sourcecode.swift; path = StringExtensions.swift; sourceTree = "<group>"; };
		5548F86C24D7C856009BFCFB /* UISegmentControlExtensions.swift */ = {isa = PBXFileReference; lastKnownFileType = sourcecode.swift; path = UISegmentControlExtensions.swift; sourceTree = "<group>"; };
		5548F86E24D7C88A009BFCFB /* UITabBarExtensions.swift */ = {isa = PBXFileReference; lastKnownFileType = sourcecode.swift; path = UITabBarExtensions.swift; sourceTree = "<group>"; };
		55A5B49524D67C9400F10070 /* MVVM-TTests.xctest */ = {isa = PBXFileReference; explicitFileType = wrapper.cfbundle; includeInIndex = 0; path = "MVVM-TTests.xctest"; sourceTree = BUILT_PRODUCTS_DIR; };
		55A5B49924D67C9400F10070 /* Info.plist */ = {isa = PBXFileReference; lastKnownFileType = text.plist.xml; path = Info.plist; sourceTree = "<group>"; };
		55A5B4A224D67CCD00F10070 /* TravellerTests.swift */ = {isa = PBXFileReference; lastKnownFileType = sourcecode.swift; path = TravellerTests.swift; sourceTree = "<group>"; };
		55A5B4A424D67D2B00F10070 /* NavigationControllerMock.swift */ = {isa = PBXFileReference; lastKnownFileType = sourcecode.swift; path = NavigationControllerMock.swift; sourceTree = "<group>"; };
		55A7F22024D7244A0058629E /* StoryBoardMock.swift */ = {isa = PBXFileReference; lastKnownFileType = sourcecode.swift; path = StoryBoardMock.swift; sourceTree = "<group>"; };
		55D3D91E248D4C2B00A20926 /* Alert.swift */ = {isa = PBXFileReference; lastKnownFileType = sourcecode.swift; path = Alert.swift; sourceTree = "<group>"; };
		55D3D922248D5C5B00A20926 /* AnimateView.swift */ = {isa = PBXFileReference; lastKnownFileType = sourcecode.swift; path = AnimateView.swift; sourceTree = "<group>"; };
		55D3D928248F7B3200A20926 /* LoadingIndicator.swift */ = {isa = PBXFileReference; lastKnownFileType = sourcecode.swift; path = LoadingIndicator.swift; sourceTree = "<group>"; };
		55D3D92A248F7BFB00A20926 /* LoadingIndicator.xib */ = {isa = PBXFileReference; lastKnownFileType = file.xib; path = LoadingIndicator.xib; sourceTree = "<group>"; };
		55D3D92F2492762A00A20926 /* CustomPopup.swift */ = {isa = PBXFileReference; lastKnownFileType = sourcecode.swift; path = CustomPopup.swift; sourceTree = "<group>"; };
		55D3D9312492765200A20926 /* CustomPopup.xib */ = {isa = PBXFileReference; lastKnownFileType = file.xib; path = CustomPopup.xib; sourceTree = "<group>"; };
		5DBB78B61B259D9E59C9F22B /* Pods_MVVM_T.framework */ = {isa = PBXFileReference; explicitFileType = wrapper.framework; includeInIndex = 0; path = Pods_MVVM_T.framework; sourceTree = BUILT_PRODUCTS_DIR; };
		622409390331086E44E5F725 /* Pods_MVVM_TTests.framework */ = {isa = PBXFileReference; explicitFileType = wrapper.framework; includeInIndex = 0; path = Pods_MVVM_TTests.framework; sourceTree = BUILT_PRODUCTS_DIR; };
		6985AF829ABE3D32B098772A /* Pods-MVVM-TTests.debug.xcconfig */ = {isa = PBXFileReference; includeInIndex = 1; lastKnownFileType = text.xcconfig; name = "Pods-MVVM-TTests.debug.xcconfig"; path = "Target Support Files/Pods-MVVM-TTests/Pods-MVVM-TTests.debug.xcconfig"; sourceTree = "<group>"; };
		A2314C8525B97B88007962C3 /* CoreDataProtocols.swift */ = {isa = PBXFileReference; lastKnownFileType = sourcecode.swift; path = CoreDataProtocols.swift; sourceTree = "<group>"; };
		A2314DD325BC8448007962C3 /* LoginViewModelProtocol.swift */ = {isa = PBXFileReference; lastKnownFileType = sourcecode.swift; path = LoginViewModelProtocol.swift; sourceTree = "<group>"; };
		A231C3ED254FC1DD008CBED9 /* NetworkEnvironment.swift */ = {isa = PBXFileReference; fileEncoding = 4; lastKnownFileType = sourcecode.swift; path = NetworkEnvironment.swift; sourceTree = "<group>"; };
		A231C41F254FC3F0008CBED9 /* UserService.swift */ = {isa = PBXFileReference; fileEncoding = 4; lastKnownFileType = sourcecode.swift; path = UserService.swift; sourceTree = "<group>"; };
		A231C420254FC3F1008CBED9 /* UserServiceEndPoint.swift */ = {isa = PBXFileReference; fileEncoding = 4; lastKnownFileType = sourcecode.swift; path = UserServiceEndPoint.swift; sourceTree = "<group>"; };
		A231C429254FC89E008CBED9 /* SSLPinningKeys.swift */ = {isa = PBXFileReference; fileEncoding = 4; lastKnownFileType = sourcecode.swift; path = SSLPinningKeys.swift; sourceTree = "<group>"; };
		A23316D9261207BB0075B82F /* _Dependencies.swift */ = {isa = PBXFileReference; fileEncoding = 4; lastKnownFileType = sourcecode.swift; path = _Dependencies.swift; sourceTree = "<group>"; };
		A246E60F24E161D800D4289F /* UserDefaultHelperProtocols.swift */ = {isa = PBXFileReference; lastKnownFileType = sourcecode.swift; path = UserDefaultHelperProtocols.swift; sourceTree = "<group>"; };
		A246E61224E1627700D4289F /* UserDefaultsHelperTests.swift */ = {isa = PBXFileReference; lastKnownFileType = sourcecode.swift; path = UserDefaultsHelperTests.swift; sourceTree = "<group>"; };
		A246E61424E16C6B00D4289F /* UserDefaultsMocks.swift */ = {isa = PBXFileReference; lastKnownFileType = sourcecode.swift; path = UserDefaultsMocks.swift; sourceTree = "<group>"; };
		A246E61724E1BC3800D4289F /* Authentication.swift */ = {isa = PBXFileReference; lastKnownFileType = sourcecode.swift; path = Authentication.swift; sourceTree = "<group>"; };
		A246E61924E1BC5400D4289F /* AutoLogin.swift */ = {isa = PBXFileReference; lastKnownFileType = sourcecode.swift; path = AutoLogin.swift; sourceTree = "<group>"; };
		A25745D72590E7700009C718 /* SafariServices.framework */ = {isa = PBXFileReference; lastKnownFileType = wrapper.framework; name = SafariServices.framework; path = System/Library/Frameworks/SafariServices.framework; sourceTree = SDKROOT; };
		A25745D92590E77A0009C718 /* AuthenticationServices.framework */ = {isa = PBXFileReference; lastKnownFileType = wrapper.framework; name = AuthenticationServices.framework; path = System/Library/Frameworks/AuthenticationServices.framework; sourceTree = SDKROOT; };
		A25745DB2590E7830009C718 /* SystemConfiguration.framework */ = {isa = PBXFileReference; lastKnownFileType = wrapper.framework; name = SystemConfiguration.framework; path = System/Library/Frameworks/SystemConfiguration.framework; sourceTree = SDKROOT; };
		A25745E22591C1530009C718 /* GoogleSignIn.swift */ = {isa = PBXFileReference; lastKnownFileType = sourcecode.swift; path = GoogleSignIn.swift; sourceTree = "<group>"; };
		A25745F82591DB040009C718 /* GoogleService-Info.plist */ = {isa = PBXFileReference; fileEncoding = 4; lastKnownFileType = text.plist.xml; path = "GoogleService-Info.plist"; sourceTree = "<group>"; };
		A2574613259260100009C718 /* FirebaseAnalytics.swift */ = {isa = PBXFileReference; lastKnownFileType = sourcecode.swift; path = FirebaseAnalytics.swift; sourceTree = "<group>"; };
		A257465B25946BF20009C718 /* TabTransistion.swift */ = {isa = PBXFileReference; lastKnownFileType = sourcecode.swift; path = TabTransistion.swift; sourceTree = "<group>"; };
		A2574661259473090009C718 /* TabFadeAnimation.swift */ = {isa = PBXFileReference; lastKnownFileType = sourcecode.swift; path = TabFadeAnimation.swift; sourceTree = "<group>"; };
		A25C0EED24DC747F00E13292 /* ViewControllerMock.swift */ = {isa = PBXFileReference; lastKnownFileType = sourcecode.swift; path = ViewControllerMock.swift; sourceTree = "<group>"; };
		A25C0EEF24DE6F5400E13292 /* WindowMock.swift */ = {isa = PBXFileReference; lastKnownFileType = sourcecode.swift; path = WindowMock.swift; sourceTree = "<group>"; };
		A25C0EF124DEC63200E13292 /* HomeDetailsViewController.swift */ = {isa = PBXFileReference; lastKnownFileType = sourcecode.swift; path = HomeDetailsViewController.swift; sourceTree = "<group>"; };
		A25C0EF324DED62100E13292 /* ForgotPasswordViewController.swift */ = {isa = PBXFileReference; lastKnownFileType = sourcecode.swift; path = ForgotPasswordViewController.swift; sourceTree = "<group>"; };
		A25E2C3224E90C19003A8942 /* UIDateExtensions.swift */ = {isa = PBXFileReference; fileEncoding = 4; lastKnownFileType = sourcecode.swift; path = UIDateExtensions.swift; sourceTree = "<group>"; };
		A2604DC924E58A5300945435 /* BioMetricAuthentication.swift */ = {isa = PBXFileReference; lastKnownFileType = sourcecode.swift; path = BioMetricAuthentication.swift; sourceTree = "<group>"; };
		A2604DCB24E58A7200945435 /* LocalAuthentication.framework */ = {isa = PBXFileReference; lastKnownFileType = wrapper.framework; name = LocalAuthentication.framework; path = System/Library/Frameworks/LocalAuthentication.framework; sourceTree = SDKROOT; };
		A2651887252998330027A085 /* TabeledCollectionCustomCell.swift */ = {isa = PBXFileReference; lastKnownFileType = sourcecode.swift; path = TabeledCollectionCustomCell.swift; sourceTree = "<group>"; };
		A2651888252998330027A085 /* TabeledCollectionCustomCell.xib */ = {isa = PBXFileReference; lastKnownFileType = file.xib; path = TabeledCollectionCustomCell.xib; sourceTree = "<group>"; };
		A2651892252999720027A085 /* UserModel.swift */ = {isa = PBXFileReference; lastKnownFileType = sourcecode.swift; path = UserModel.swift; sourceTree = "<group>"; };
		A26518A625299FA00027A085 /* CustomPageControl.swift */ = {isa = PBXFileReference; fileEncoding = 4; lastKnownFileType = sourcecode.swift; path = CustomPageControl.swift; sourceTree = "<group>"; };
		A26518A725299FA00027A085 /* CustomView.swift */ = {isa = PBXFileReference; fileEncoding = 4; lastKnownFileType = sourcecode.swift; path = CustomView.swift; sourceTree = "<group>"; };
		A26518A825299FA00027A085 /* LayoutHelper.swift */ = {isa = PBXFileReference; fileEncoding = 4; lastKnownFileType = sourcecode.swift; path = LayoutHelper.swift; sourceTree = "<group>"; };
		A26518A925299FA00027A085 /* CustomImageView.swift */ = {isa = PBXFileReference; fileEncoding = 4; lastKnownFileType = sourcecode.swift; path = CustomImageView.swift; sourceTree = "<group>"; };
		A26518AA25299FA00027A085 /* CustomLabel.swift */ = {isa = PBXFileReference; fileEncoding = 4; lastKnownFileType = sourcecode.swift; path = CustomLabel.swift; sourceTree = "<group>"; };
		A26518AB25299FA00027A085 /* CustomTextField.swift */ = {isa = PBXFileReference; fileEncoding = 4; lastKnownFileType = sourcecode.swift; path = CustomTextField.swift; sourceTree = "<group>"; };
		A26518AC25299FA00027A085 /* CustomButton.swift */ = {isa = PBXFileReference; fileEncoding = 4; lastKnownFileType = sourcecode.swift; path = CustomButton.swift; sourceTree = "<group>"; };
		A26518B62529A0340027A085 /* CustomSegmentControl.swift */ = {isa = PBXFileReference; fileEncoding = 4; lastKnownFileType = sourcecode.swift; path = CustomSegmentControl.swift; sourceTree = "<group>"; };
		A26518B72529A0340027A085 /* DeviceHelper.swift */ = {isa = PBXFileReference; fileEncoding = 4; lastKnownFileType = sourcecode.swift; path = DeviceHelper.swift; sourceTree = "<group>"; };
		A26518B82529A0340027A085 /* PopupList.xib */ = {isa = PBXFileReference; fileEncoding = 4; lastKnownFileType = file.xib; path = PopupList.xib; sourceTree = "<group>"; };
		A26518B92529A0340027A085 /* ImagePicker.swift */ = {isa = PBXFileReference; fileEncoding = 4; lastKnownFileType = sourcecode.swift; path = ImagePicker.swift; sourceTree = "<group>"; };
		A26518BA2529A0340027A085 /* DatePicker.swift */ = {isa = PBXFileReference; fileEncoding = 4; lastKnownFileType = sourcecode.swift; path = DatePicker.swift; sourceTree = "<group>"; };
		A26518BB2529A0340027A085 /* LocationManager.swift */ = {isa = PBXFileReference; fileEncoding = 4; lastKnownFileType = sourcecode.swift; path = LocationManager.swift; sourceTree = "<group>"; };
		A26518BC2529A0340027A085 /* PopupList.swift */ = {isa = PBXFileReference; fileEncoding = 4; lastKnownFileType = sourcecode.swift; path = PopupList.swift; sourceTree = "<group>"; };
		A26518BD2529A0340027A085 /* Validator.swift */ = {isa = PBXFileReference; fileEncoding = 4; lastKnownFileType = sourcecode.swift; path = Validator.swift; sourceTree = "<group>"; };
		A26518BE2529A0340027A085 /* PublicEnums.swift */ = {isa = PBXFileReference; fileEncoding = 4; lastKnownFileType = sourcecode.swift; path = PublicEnums.swift; sourceTree = "<group>"; };
		A26518CA2529A0A00027A085 /* UIFontExtensions.swift */ = {isa = PBXFileReference; fileEncoding = 4; lastKnownFileType = sourcecode.swift; path = UIFontExtensions.swift; sourceTree = "<group>"; };
		A26518CB2529A0A00027A085 /* UIViewExtensions.swift */ = {isa = PBXFileReference; fileEncoding = 4; lastKnownFileType = sourcecode.swift; path = UIViewExtensions.swift; sourceTree = "<group>"; };
		A26518CC2529A0A00027A085 /* UIViewControllerExtensions.swift */ = {isa = PBXFileReference; fileEncoding = 4; lastKnownFileType = sourcecode.swift; path = UIViewControllerExtensions.swift; sourceTree = "<group>"; };
		A26518CD2529A0A00027A085 /* UINavigationItemExtensions.swift */ = {isa = PBXFileReference; fileEncoding = 4; lastKnownFileType = sourcecode.swift; path = UINavigationItemExtensions.swift; sourceTree = "<group>"; };
		A26518CE2529A0A00027A085 /* UIImageExtensions.swift */ = {isa = PBXFileReference; fileEncoding = 4; lastKnownFileType = sourcecode.swift; path = UIImageExtensions.swift; sourceTree = "<group>"; };
		A26518CF2529A0A00027A085 /* UIResponderExtensions.swift */ = {isa = PBXFileReference; fileEncoding = 4; lastKnownFileType = sourcecode.swift; path = UIResponderExtensions.swift; sourceTree = "<group>"; };
		A26518D12529A0A00027A085 /* ArrayExtensions.swift */ = {isa = PBXFileReference; fileEncoding = 4; lastKnownFileType = sourcecode.swift; path = ArrayExtensions.swift; sourceTree = "<group>"; };
		A26518D22529A0A00027A085 /* NSAttributedStringExtensions.swift */ = {isa = PBXFileReference; fileEncoding = 4; lastKnownFileType = sourcecode.swift; path = NSAttributedStringExtensions.swift; sourceTree = "<group>"; };
		A26518D32529A0A00027A085 /* UIColorExtensions.swift */ = {isa = PBXFileReference; fileEncoding = 4; lastKnownFileType = sourcecode.swift; path = UIColorExtensions.swift; sourceTree = "<group>"; };
		A26518D42529A0A00027A085 /* UIButtonExtensions.swift */ = {isa = PBXFileReference; fileEncoding = 4; lastKnownFileType = sourcecode.swift; path = UIButtonExtensions.swift; sourceTree = "<group>"; };
		A26518D52529A0A00027A085 /* UITextFieldExtensions.swift */ = {isa = PBXFileReference; fileEncoding = 4; lastKnownFileType = sourcecode.swift; path = UITextFieldExtensions.swift; sourceTree = "<group>"; };
		A26518D62529A0A00027A085 /* UINavigationControllerExtensions.swift */ = {isa = PBXFileReference; fileEncoding = 4; lastKnownFileType = sourcecode.swift; path = UINavigationControllerExtensions.swift; sourceTree = "<group>"; };
		A26518EC2529A3140027A085 /* CountryCode.json */ = {isa = PBXFileReference; fileEncoding = 4; lastKnownFileType = text.json; path = CountryCode.json; sourceTree = "<group>"; };
		A26518F02529A3420027A085 /* Countries.swift */ = {isa = PBXFileReference; fileEncoding = 4; lastKnownFileType = sourcecode.swift; path = Countries.swift; sourceTree = "<group>"; };
		A26518F92529A4D60027A085 /* UserManager.swift */ = {isa = PBXFileReference; lastKnownFileType = sourcecode.swift; path = UserManager.swift; sourceTree = "<group>"; };
		A26519002529A5090027A085 /* UserRepository.swift */ = {isa = PBXFileReference; lastKnownFileType = sourcecode.swift; path = UserRepository.swift; sourceTree = "<group>"; };
		A26519062529A5820027A085 /* PersistentStorage.swift */ = {isa = PBXFileReference; lastKnownFileType = sourcecode.swift; path = PersistentStorage.swift; sourceTree = "<group>"; };
		A265190B2529A8C60027A085 /* SomeX.xcdatamodel */ = {isa = PBXFileReference; lastKnownFileType = wrapper.xcdatamodel; path = SomeX.xcdatamodel; sourceTree = "<group>"; };
		A26519542529B8A60027A085 /* UsersCustomCell.swift */ = {isa = PBXFileReference; lastKnownFileType = sourcecode.swift; path = UsersCustomCell.swift; sourceTree = "<group>"; };
		A26519552529B8A60027A085 /* UsersCustomCell.xib */ = {isa = PBXFileReference; lastKnownFileType = file.xib; path = UsersCustomCell.xib; sourceTree = "<group>"; };
		A26E19D025986BFD006A7D63 /* FacebookSignIn.swift */ = {isa = PBXFileReference; lastKnownFileType = sourcecode.swift; path = FacebookSignIn.swift; sourceTree = "<group>"; };
		A26E1A1C2598BE92006A7D63 /* AppleSignIn.swift */ = {isa = PBXFileReference; lastKnownFileType = sourcecode.swift; path = AppleSignIn.swift; sourceTree = "<group>"; };
		A26E1A202598CB95006A7D63 /* MVVM-T.entitlements */ = {isa = PBXFileReference; lastKnownFileType = text.plist.entitlements; path = "MVVM-T.entitlements"; sourceTree = "<group>"; };
		A26E1A232598F22F006A7D63 /* AppleSignIn+Extension.swift */ = {isa = PBXFileReference; lastKnownFileType = sourcecode.swift; path = "AppleSignIn+Extension.swift"; sourceTree = "<group>"; };
		A26E1A272599A1DE006A7D63 /* TwitterSignIn.swift */ = {isa = PBXFileReference; lastKnownFileType = sourcecode.swift; path = TwitterSignIn.swift; sourceTree = "<group>"; };
		A26E1A2B2599CCFC006A7D63 /* SocialSignInProtocols.swift */ = {isa = PBXFileReference; lastKnownFileType = sourcecode.swift; path = SocialSignInProtocols.swift; sourceTree = "<group>"; };
		A283A03E259B3B07003A073B /* FirebaseSignIn.swift */ = {isa = PBXFileReference; lastKnownFileType = sourcecode.swift; path = FirebaseSignIn.swift; sourceTree = "<group>"; };
		A283A049259BA0F8003A073B /* SocialSignInDelegates.swift */ = {isa = PBXFileReference; lastKnownFileType = sourcecode.swift; path = SocialSignInDelegates.swift; sourceTree = "<group>"; };
		A294FC24264643B30011F0D8 /* DummyModel.swift */ = {isa = PBXFileReference; lastKnownFileType = sourcecode.swift; path = DummyModel.swift; sourceTree = "<group>"; };
		A294FC512646C8F50011F0D8 /* TravellerEnums.swift */ = {isa = PBXFileReference; fileEncoding = 4; lastKnownFileType = sourcecode.swift; path = TravellerEnums.swift; sourceTree = "<group>"; };
		A294FC522646C8F50011F0D8 /* TravellerProtocols.swift */ = {isa = PBXFileReference; fileEncoding = 4; lastKnownFileType = sourcecode.swift; path = TravellerProtocols.swift; sourceTree = "<group>"; };
		A2AF841D24DFE64700BA174F /* UserDefaultsHelper.swift */ = {isa = PBXFileReference; lastKnownFileType = sourcecode.swift; path = UserDefaultsHelper.swift; sourceTree = "<group>"; };
		A2FB646F264A49FB00ED0084 /* SharedNetworkClient.swift */ = {isa = PBXFileReference; lastKnownFileType = sourcecode.swift; path = SharedNetworkClient.swift; sourceTree = "<group>"; };
		A2FB6473264A6C2F00ED0084 /* UINotifications+Extensions.swift */ = {isa = PBXFileReference; lastKnownFileType = sourcecode.swift; path = "UINotifications+Extensions.swift"; sourceTree = "<group>"; };
		A2FB6480264AA16500ED0084 /* NetworkClient.framework */ = {isa = PBXFileReference; lastKnownFileType = wrapper.framework; path = NetworkClient.framework; sourceTree = "<group>"; };
/* End PBXFileReference section */

/* Begin PBXFrameworksBuildPhase section */
		5537C174248CBE9B00367F0C /* Frameworks */ = {
			isa = PBXFrameworksBuildPhase;
			buildActionMask = 2147483647;
			files = (
				A25745DC2590E7830009C718 /* SystemConfiguration.framework in Frameworks */,
				A2A95B992645B927009C8DB4 /* GenericCollectionsPackage in Frameworks */,
				A2FB6482264AA16C00ED0084 /* NetworkClient.framework in Frameworks */,
				A233172E262043B00075B82F /* FirebaseAuth in Frameworks */,
				A25745DA2590E77A0009C718 /* AuthenticationServices.framework in Frameworks */,
				A23316D5261207400075B82F /* DependencyContainer in Frameworks */,
				A2F2383625C2A54C00C27931 /* SwiftTraveller in Frameworks */,
				A25745D82590E7700009C718 /* SafariServices.framework in Frameworks */,
				A233170E26203C7B0075B82F /* Reachability in Frameworks */,
				A233175526207D600075B82F /* FacebookLogin in Frameworks */,
				A233175326207D600075B82F /* FacebookCore in Frameworks */,
				A2604DCC24E58A7200945435 /* LocalAuthentication.framework in Frameworks */,
				925642686C63AB15E571F653 /* Pods_MVVM_T.framework in Frameworks */,
				A2331741262045200075B82F /* SwiftKeychainWrapper in Frameworks */,
				A233172C262043B00075B82F /* FirebaseAnalytics in Frameworks */,
			);
			runOnlyForDeploymentPostprocessing = 0;
		};
		55A5B49224D67C9400F10070 /* Frameworks */ = {
			isa = PBXFrameworksBuildPhase;
			buildActionMask = 2147483647;
			files = (
				7CEA7B33A17E0AA8D1A03F42 /* Pods_MVVM_TTests.framework in Frameworks */,
			);
			runOnlyForDeploymentPostprocessing = 0;
		};
/* End PBXFrameworksBuildPhase section */

/* Begin PBXGroup section */
		42519FE7D64D4AFAE49E2580 /* Frameworks */ = {
			isa = PBXGroup;
			children = (
				A25745DB2590E7830009C718 /* SystemConfiguration.framework */,
				A25745D92590E77A0009C718 /* AuthenticationServices.framework */,
				A25745D72590E7700009C718 /* SafariServices.framework */,
				A2604DCB24E58A7200945435 /* LocalAuthentication.framework */,
				5DBB78B61B259D9E59C9F22B /* Pods_MVVM_T.framework */,
				622409390331086E44E5F725 /* Pods_MVVM_TTests.framework */,
			);
			name = Frameworks;
			sourceTree = "<group>";
		};
		5514FA8F2495F9DF00AF78B2 /* Storyboards */ = {
			isa = PBXGroup;
			children = (
				5537C185248CBE9C00367F0C /* LaunchScreen.storyboard */,
				5514FAF024A841A500AF78B2 /* TabBar.storyboard */,
				5514FAF224A8425700AF78B2 /* Login.storyboard */,
			);
			path = Storyboards;
			sourceTree = "<group>";
		};
		5514FAE524A78F9200AF78B2 /* TableViewCustomCells */ = {
			isa = PBXGroup;
			children = (
				A2651887252998330027A085 /* TabeledCollectionCustomCell.swift */,
				A2651888252998330027A085 /* TabeledCollectionCustomCell.xib */,
				A26519542529B8A60027A085 /* UsersCustomCell.swift */,
				A26519552529B8A60027A085 /* UsersCustomCell.xib */,
			);
			path = TableViewCustomCells;
			sourceTree = "<group>";
		};
		5514FAED24A795D800AF78B2 /* Extensions */ = {
			isa = PBXGroup;
			children = (
				A26518D12529A0A00027A085 /* ArrayExtensions.swift */,
				A26518D22529A0A00027A085 /* NSAttributedStringExtensions.swift */,
				A26518D42529A0A00027A085 /* UIButtonExtensions.swift */,
				A26518D32529A0A00027A085 /* UIColorExtensions.swift */,
				A26518CA2529A0A00027A085 /* UIFontExtensions.swift */,
				A26518CE2529A0A00027A085 /* UIImageExtensions.swift */,
				A26518D62529A0A00027A085 /* UINavigationControllerExtensions.swift */,
				A26518CD2529A0A00027A085 /* UINavigationItemExtensions.swift */,
				A26518CF2529A0A00027A085 /* UIResponderExtensions.swift */,
				A26518D52529A0A00027A085 /* UITextFieldExtensions.swift */,
				A26518CC2529A0A00027A085 /* UIViewControllerExtensions.swift */,
				A26518CB2529A0A00027A085 /* UIViewExtensions.swift */,
				5514FAEE24A795E800AF78B2 /* UINavigationBarExtensions.swift */,
				5548F86224D7C6FE009BFCFB /* UITabBarItemExtensions.swift */,
				5548F86624D7C77E009BFCFB /* UIWindowExtensions.swift */,
				A25E2C3224E90C19003A8942 /* UIDateExtensions.swift */,
				5548F86824D7C7D5009BFCFB /* UILabelExtensions.swift */,
				5548F86A24D7C821009BFCFB /* StringExtensions.swift */,
				5548F86C24D7C856009BFCFB /* UISegmentControlExtensions.swift */,
				5548F86E24D7C88A009BFCFB /* UITabBarExtensions.swift */,
				A2FB6473264A6C2F00ED0084 /* UINotifications+Extensions.swift */,
			);
			path = Extensions;
			sourceTree = "<group>";
		};
		5514FAF624A8607100AF78B2 /* TabBar */ = {
			isa = PBXGroup;
			children = (
				A257465A25946BE50009C718 /* Animations */,
				5514FAF424A8599800AF78B2 /* TabBarController.swift */,
				5514FAF724A8609E00AF78B2 /* HomeViewController.swift */,
				5514FAF924A860BF00AF78B2 /* ProfileViewController.swift */,
				A25C0EF124DEC63200E13292 /* HomeDetailsViewController.swift */,
			);
			path = TabBar;
			sourceTree = "<group>";
		};
		5537C16E248CBE9B00367F0C = {
			isa = PBXGroup;
			children = (
				5537C179248CBE9B00367F0C /* MVVM-T */,
				55A5B49624D67C9400F10070 /* MVVM-TTests */,
				5537C178248CBE9B00367F0C /* Products */,
				5D60A8D33046FB24FAB223C8 /* Pods */,
				42519FE7D64D4AFAE49E2580 /* Frameworks */,
			);
			sourceTree = "<group>";
		};
		5537C178248CBE9B00367F0C /* Products */ = {
			isa = PBXGroup;
			children = (
				5537C177248CBE9B00367F0C /* MVVM-T.app */,
				55A5B49524D67C9400F10070 /* MVVM-TTests.xctest */,
			);
			name = Products;
			sourceTree = "<group>";
		};
		5537C179248CBE9B00367F0C /* MVVM-T */ = {
			isa = PBXGroup;
			children = (
				A26E1A202598CB95006A7D63 /* MVVM-T.entitlements */,
				A2FB6480264AA16500ED0084 /* NetworkClient.framework */,
				A294FC502646C8E60011F0D8 /* Traveller */,
				A23316D8261207AA0075B82F /* Dependency */,
				A25745E12591C12C0009C718 /* SocialProfilesSignIn */,
				A26518EA2529A2D80027A085 /* Resources */,
				A26518A325299ED90027A085 /* CoreData */,
				A265189C25299D290027A085 /* Services */,
				A246E61624E1BC1E00D4289F /* Authentication */,
				A2AF841C24DFE62F00BA174F /* HelperClasses */,
				5514FAED24A795D800AF78B2 /* Extensions */,
				5514FA8F2495F9DF00AF78B2 /* Storyboards */,
				55D3D92C248F7E2300A20926 /* Designables */,
				55D3D91D248D4B3900A20926 /* GlobalComponents */,
				5537C195248CC8A600367F0C /* Security */,
				5537C192248CC35500367F0C /* NetworkClient */,
				5537C191248CC34300367F0C /* Environment */,
				5537C190248CC32800367F0C /* View */,
				5537C18F248CC31C00367F0C /* ViewModel */,
				5537C18E248CC31200367F0C /* Model */,
				5537C17A248CBE9B00367F0C /* AppDelegate.swift */,
				5537C17C248CBE9B00367F0C /* SceneDelegate.swift */,
				5537C183248CBE9C00367F0C /* Assets.xcassets */,
			);
			path = "MVVM-T";
			sourceTree = "<group>";
		};
		5537C18E248CC31200367F0C /* Model */ = {
			isa = PBXGroup;
			children = (
				A2651892252999720027A085 /* UserModel.swift */,
				A26518F02529A3420027A085 /* Countries.swift */,
				A294FC24264643B30011F0D8 /* DummyModel.swift */,
			);
			path = Model;
			sourceTree = "<group>";
		};
		5537C18F248CC31C00367F0C /* ViewModel */ = {
			isa = PBXGroup;
			children = (
				5514FA902495FBC100AF78B2 /* LoginViewModel.swift */,
				A2314DD325BC8448007962C3 /* LoginViewModelProtocol.swift */,
			);
			path = ViewModel;
			sourceTree = "<group>";
		};
		5537C190248CC32800367F0C /* View */ = {
			isa = PBXGroup;
			children = (
				554482A724AEF9320032E210 /* TableViewHeader */,
				554482A624AB80A70032E210 /* Login */,
				5514FAF624A8607100AF78B2 /* TabBar */,
				5514FAE524A78F9200AF78B2 /* TableViewCustomCells */,
			);
			path = View;
			sourceTree = "<group>";
		};
		5537C191248CC34300367F0C /* Environment */ = {
			isa = PBXGroup;
			children = (
				5537C1A3248D092A00367F0C /* Configuration.swift */,
				5537C1A5248D096300367F0C /* Release.xcconfig */,
				5537C1A6248D09A300367F0C /* Debug.xcconfig */,
			);
			path = Environment;
			sourceTree = "<group>";
		};
		5537C192248CC35500367F0C /* NetworkClient */ = {
			isa = PBXGroup;
			children = (
				A231C3ED254FC1DD008CBED9 /* NetworkEnvironment.swift */,
				A2FB646F264A49FB00ED0084 /* SharedNetworkClient.swift */,
			);
			path = NetworkClient;
			sourceTree = "<group>";
		};
		5537C195248CC8A600367F0C /* Security */ = {
			isa = PBXGroup;
			children = (
				A231C429254FC89E008CBED9 /* SSLPinningKeys.swift */,
				5537C19F248D085D00367F0C /* JailBrokeCheck.swift */,
				5537C1A1248D088900367F0C /* Keychain.swift */,
			);
			path = Security;
			sourceTree = "<group>";
		};
		554482A624AB80A70032E210 /* Login */ = {
			isa = PBXGroup;
			children = (
				5514FA8724948CE000AF78B2 /* LoginViewController.swift */,
				5514FA8924948CFB00AF78B2 /* SignupViewController.swift */,
				5533483724A9B42100DFD13E /* LaunchViewController.swift */,
				A25C0EF324DED62100E13292 /* ForgotPasswordViewController.swift */,
			);
			path = Login;
			sourceTree = "<group>";
		};
		554482A724AEF9320032E210 /* TableViewHeader */ = {
			isa = PBXGroup;
			children = (
				554482A824AEF96F0032E210 /* SectionHeaderView.swift */,
				554482AA24AEF9880032E210 /* SectionHeaderView.xib */,
			);
			path = TableViewHeader;
			sourceTree = "<group>";
		};
		55A5B49624D67C9400F10070 /* MVVM-TTests */ = {
			isa = PBXGroup;
			children = (
				A246E61124E1624F00D4289F /* UserDefaultsHelperTests */,
				55A5B49F24D67CA000F10070 /* TravellerTests */,
				55A5B49924D67C9400F10070 /* Info.plist */,
			);
			path = "MVVM-TTests";
			sourceTree = "<group>";
		};
		55A5B49F24D67CA000F10070 /* TravellerTests */ = {
			isa = PBXGroup;
			children = (
				55A5B4A224D67CCD00F10070 /* TravellerTests.swift */,
				55A5B4A424D67D2B00F10070 /* NavigationControllerMock.swift */,
				55A7F22024D7244A0058629E /* StoryBoardMock.swift */,
				A25C0EED24DC747F00E13292 /* ViewControllerMock.swift */,
				A25C0EEF24DE6F5400E13292 /* WindowMock.swift */,
			);
			path = TravellerTests;
			sourceTree = "<group>";
		};
		55D3D91D248D4B3900A20926 /* GlobalComponents */ = {
			isa = PBXGroup;
			children = (
				A26518B62529A0340027A085 /* CustomSegmentControl.swift */,
				A26518BA2529A0340027A085 /* DatePicker.swift */,
				A26518B72529A0340027A085 /* DeviceHelper.swift */,
				A26518B92529A0340027A085 /* ImagePicker.swift */,
				A26518BB2529A0340027A085 /* LocationManager.swift */,
				A26518BC2529A0340027A085 /* PopupList.swift */,
				A26518B82529A0340027A085 /* PopupList.xib */,
				A26518BE2529A0340027A085 /* PublicEnums.swift */,
				A26518BD2529A0340027A085 /* Validator.swift */,
				55D3D91E248D4C2B00A20926 /* Alert.swift */,
				5514FA8B2494980E00AF78B2 /* Nib.swift */,
				55D3D922248D5C5B00A20926 /* AnimateView.swift */,
				55D3D928248F7B3200A20926 /* LoadingIndicator.swift */,
				55D3D92A248F7BFB00A20926 /* LoadingIndicator.xib */,
				55D3D92F2492762A00A20926 /* CustomPopup.swift */,
				55D3D9312492765200A20926 /* CustomPopup.xib */,
			);
			path = GlobalComponents;
			sourceTree = "<group>";
		};
		55D3D92C248F7E2300A20926 /* Designables */ = {
			isa = PBXGroup;
			children = (
				A26518AC25299FA00027A085 /* CustomButton.swift */,
				A26518A925299FA00027A085 /* CustomImageView.swift */,
				A26518AA25299FA00027A085 /* CustomLabel.swift */,
				A26518A625299FA00027A085 /* CustomPageControl.swift */,
				A26518AB25299FA00027A085 /* CustomTextField.swift */,
				A26518A725299FA00027A085 /* CustomView.swift */,
				A26518A825299FA00027A085 /* LayoutHelper.swift */,
			);
			path = Designables;
			sourceTree = "<group>";
		};
		5D60A8D33046FB24FAB223C8 /* Pods */ = {
			isa = PBXGroup;
			children = (
				44217978B490AD4CC4EAA7C2 /* Pods-MVVM-T.debug.xcconfig */,
				354D7D0A6BFBFCFB871C03AD /* Pods-MVVM-T.release.xcconfig */,
				6985AF829ABE3D32B098772A /* Pods-MVVM-TTests.debug.xcconfig */,
				54C356A8901B6045622A963A /* Pods-MVVM-TTests.release.xcconfig */,
			);
			path = Pods;
			sourceTree = "<group>";
		};
		A2314C8425B97B76007962C3 /* Protocols */ = {
			isa = PBXGroup;
			children = (
				A2314C8525B97B88007962C3 /* CoreDataProtocols.swift */,
			);
			path = Protocols;
			sourceTree = "<group>";
		};
		A23316D8261207AA0075B82F /* Dependency */ = {
			isa = PBXGroup;
			children = (
				A23316D9261207BB0075B82F /* _Dependencies.swift */,
			);
			path = Dependency;
			sourceTree = "<group>";
		};
		A246E61124E1624F00D4289F /* UserDefaultsHelperTests */ = {
			isa = PBXGroup;
			children = (
				A246E61224E1627700D4289F /* UserDefaultsHelperTests.swift */,
				A246E61424E16C6B00D4289F /* UserDefaultsMocks.swift */,
			);
			path = UserDefaultsHelperTests;
			sourceTree = "<group>";
		};
		A246E61624E1BC1E00D4289F /* Authentication */ = {
			isa = PBXGroup;
			children = (
				A246E61724E1BC3800D4289F /* Authentication.swift */,
				A246E61924E1BC5400D4289F /* AutoLogin.swift */,
				A2604DC924E58A5300945435 /* BioMetricAuthentication.swift */,
			);
			path = Authentication;
			sourceTree = "<group>";
		};
		A25745E12591C12C0009C718 /* SocialProfilesSignIn */ = {
			isa = PBXGroup;
			children = (
				A26E1A2F2599CE73006A7D63 /* Protocols */,
				A25745E22591C1530009C718 /* GoogleSignIn.swift */,
				A2574613259260100009C718 /* FirebaseAnalytics.swift */,
				A26E19D025986BFD006A7D63 /* FacebookSignIn.swift */,
				A26E1A1C2598BE92006A7D63 /* AppleSignIn.swift */,
				A26E1A232598F22F006A7D63 /* AppleSignIn+Extension.swift */,
				A26E1A272599A1DE006A7D63 /* TwitterSignIn.swift */,
				A283A03E259B3B07003A073B /* FirebaseSignIn.swift */,
			);
			path = SocialProfilesSignIn;
			sourceTree = "<group>";
		};
		A257465A25946BE50009C718 /* Animations */ = {
			isa = PBXGroup;
			children = (
				A257465B25946BF20009C718 /* TabTransistion.swift */,
				A2574661259473090009C718 /* TabFadeAnimation.swift */,
			);
			path = Animations;
			sourceTree = "<group>";
		};
		A265189C25299D290027A085 /* Services */ = {
			isa = PBXGroup;
			children = (
				A231C41F254FC3F0008CBED9 /* UserService.swift */,
				A231C420254FC3F1008CBED9 /* UserServiceEndPoint.swift */,
			);
			path = Services;
			sourceTree = "<group>";
		};
		A26518A325299ED90027A085 /* CoreData */ = {
			isa = PBXGroup;
			children = (
				A2314C8425B97B76007962C3 /* Protocols */,
				A26518FF2529A4E50027A085 /* Repositories */,
				A26518F82529A4C10027A085 /* Managers */,
				A26519062529A5820027A085 /* PersistentStorage.swift */,
				A265190A2529A8C60027A085 /* SomeX.xcdatamodeld */,
			);
			path = CoreData;
			sourceTree = "<group>";
		};
		A26518EA2529A2D80027A085 /* Resources */ = {
			isa = PBXGroup;
			children = (
				A25745F82591DB040009C718 /* GoogleService-Info.plist */,
				5537C188248CBE9C00367F0C /* Info.plist */,
				A26518EC2529A3140027A085 /* CountryCode.json */,
			);
			path = Resources;
			sourceTree = "<group>";
		};
		A26518F82529A4C10027A085 /* Managers */ = {
			isa = PBXGroup;
			children = (
				A26518F92529A4D60027A085 /* UserManager.swift */,
			);
			path = Managers;
			sourceTree = "<group>";
		};
		A26518FF2529A4E50027A085 /* Repositories */ = {
			isa = PBXGroup;
			children = (
				A26519002529A5090027A085 /* UserRepository.swift */,
			);
			path = Repositories;
			sourceTree = "<group>";
		};
		A26E1A2F2599CE73006A7D63 /* Protocols */ = {
			isa = PBXGroup;
			children = (
				A26E1A2B2599CCFC006A7D63 /* SocialSignInProtocols.swift */,
				A283A049259BA0F8003A073B /* SocialSignInDelegates.swift */,
			);
			path = Protocols;
			sourceTree = "<group>";
		};
		A294FC502646C8E60011F0D8 /* Traveller */ = {
			isa = PBXGroup;
			children = (
				A294FC512646C8F50011F0D8 /* TravellerEnums.swift */,
				A294FC522646C8F50011F0D8 /* TravellerProtocols.swift */,
			);
			path = Traveller;
			sourceTree = "<group>";
		};
		A2AF841C24DFE62F00BA174F /* HelperClasses */ = {
			isa = PBXGroup;
			children = (
				A2AF841D24DFE64700BA174F /* UserDefaultsHelper.swift */,
				A246E60F24E161D800D4289F /* UserDefaultHelperProtocols.swift */,
			);
			path = HelperClasses;
			sourceTree = "<group>";
		};
/* End PBXGroup section */

/* Begin PBXNativeTarget section */
		5537C176248CBE9B00367F0C /* MVVM-T */ = {
			isa = PBXNativeTarget;
			buildConfigurationList = 5537C18B248CBE9C00367F0C /* Build configuration list for PBXNativeTarget "MVVM-T" */;
			buildPhases = (
				D0662E61E363BA951ED8B1A3 /* [CP] Check Pods Manifest.lock */,
				5537C173248CBE9B00367F0C /* Sources */,
				5537C174248CBE9B00367F0C /* Frameworks */,
				5537C175248CBE9B00367F0C /* Resources */,
				65392F31385850EB87D239DE /* [CP] Embed Pods Frameworks */,
				C02B48B78A562F4C7B3FFE16 /* [CP] Copy Pods Resources */,
				A2FB6477264A6F2300ED0084 /* Embed Frameworks */,
			);
			buildRules = (
			);
			dependencies = (
			);
			name = "MVVM-T";
			packageProductDependencies = (
				A2F2383525C2A54C00C27931 /* SwiftTraveller */,
				A23316D4261207400075B82F /* DependencyContainer */,
				A233170D26203C7B0075B82F /* Reachability */,
				A233172B262043B00075B82F /* FirebaseAnalytics */,
				A233172D262043B00075B82F /* FirebaseAuth */,
				A2331740262045200075B82F /* SwiftKeychainWrapper */,
				A233175226207D600075B82F /* FacebookCore */,
				A233175426207D600075B82F /* FacebookLogin */,
				A2A95B982645B927009C8DB4 /* GenericCollectionsPackage */,
			);
			productName = LasoCare;
			productReference = 5537C177248CBE9B00367F0C /* MVVM-T.app */;
			productType = "com.apple.product-type.application";
		};
		55A5B49424D67C9400F10070 /* MVVM-TTests */ = {
			isa = PBXNativeTarget;
			buildConfigurationList = 55A5B49E24D67C9400F10070 /* Build configuration list for PBXNativeTarget "MVVM-TTests" */;
			buildPhases = (
				0A266FA1EBD973110303CC62 /* [CP] Check Pods Manifest.lock */,
				55A5B49124D67C9400F10070 /* Sources */,
				55A5B49224D67C9400F10070 /* Frameworks */,
				55A5B49324D67C9400F10070 /* Resources */,
			);
			buildRules = (
			);
			dependencies = (
				55A5B49B24D67C9400F10070 /* PBXTargetDependency */,
			);
			name = "MVVM-TTests";
			productName = LasoCareTests;
			productReference = 55A5B49524D67C9400F10070 /* MVVM-TTests.xctest */;
			productType = "com.apple.product-type.bundle.unit-test";
		};
/* End PBXNativeTarget section */

/* Begin PBXProject section */
		5537C16F248CBE9B00367F0C /* Project object */ = {
			isa = PBXProject;
			attributes = {
				LastSwiftUpdateCheck = 1150;
				LastUpgradeCheck = 1130;
				ORGANIZATIONNAME = RC_Private.com;
				TargetAttributes = {
					5537C176248CBE9B00367F0C = {
						CreatedOnToolsVersion = 11.3.1;
					};
					55A5B49424D67C9400F10070 = {
						CreatedOnToolsVersion = 11.5;
						TestTargetID = 5537C176248CBE9B00367F0C;
					};
				};
			};
			buildConfigurationList = 5537C172248CBE9B00367F0C /* Build configuration list for PBXProject "MVVM-T" */;
			compatibilityVersion = "Xcode 9.3";
			developmentRegion = en;
			hasScannedForEncodings = 0;
			knownRegions = (
				en,
				Base,
			);
			mainGroup = 5537C16E248CBE9B00367F0C;
			packageReferences = (
				A2F2383425C2A54C00C27931 /* XCRemoteSwiftPackageReference "SwiftTraveller" */,
				A23316D3261207400075B82F /* XCRemoteSwiftPackageReference "DependencyContainer" */,
				A233170C26203C7B0075B82F /* XCRemoteSwiftPackageReference "Reachability" */,
				A233172A262043B00075B82F /* XCRemoteSwiftPackageReference "firebase-ios-sdk" */,
				A233173F262045200075B82F /* XCRemoteSwiftPackageReference "SwiftKeychainWrapper" */,
				A233175126207D5F0075B82F /* XCRemoteSwiftPackageReference "facebook-ios-sdk" */,
				A2A95B972645B926009C8DB4 /* XCRemoteSwiftPackageReference "GenericCollectionsPackage" */,
			);
			productRefGroup = 5537C178248CBE9B00367F0C /* Products */;
			projectDirPath = "";
			projectRoot = "";
			targets = (
				5537C176248CBE9B00367F0C /* MVVM-T */,
				55A5B49424D67C9400F10070 /* MVVM-TTests */,
			);
		};
/* End PBXProject section */

/* Begin PBXResourcesBuildPhase section */
		5537C175248CBE9B00367F0C /* Resources */ = {
			isa = PBXResourcesBuildPhase;
			buildActionMask = 2147483647;
			files = (
				A265188A252998330027A085 /* TabeledCollectionCustomCell.xib in Resources */,
				554482AB24AEF9880032E210 /* SectionHeaderView.xib in Resources */,
				A26519572529B8A60027A085 /* UsersCustomCell.xib in Resources */,
				A26518C12529A0340027A085 /* PopupList.xib in Resources */,
				55D3D9322492765200A20926 /* CustomPopup.xib in Resources */,
				A25745F92591DB040009C718 /* GoogleService-Info.plist in Resources */,
				55D3D92B248F7BFB00A20926 /* LoadingIndicator.xib in Resources */,
				A26518ED2529A3150027A085 /* CountryCode.json in Resources */,
				5514FAF324A8425700AF78B2 /* Login.storyboard in Resources */,
				5537C187248CBE9C00367F0C /* LaunchScreen.storyboard in Resources */,
				5537C184248CBE9C00367F0C /* Assets.xcassets in Resources */,
				5514FAF124A841A500AF78B2 /* TabBar.storyboard in Resources */,
			);
			runOnlyForDeploymentPostprocessing = 0;
		};
		55A5B49324D67C9400F10070 /* Resources */ = {
			isa = PBXResourcesBuildPhase;
			buildActionMask = 2147483647;
			files = (
			);
			runOnlyForDeploymentPostprocessing = 0;
		};
/* End PBXResourcesBuildPhase section */

/* Begin PBXShellScriptBuildPhase section */
		0A266FA1EBD973110303CC62 /* [CP] Check Pods Manifest.lock */ = {
			isa = PBXShellScriptBuildPhase;
			buildActionMask = 2147483647;
			files = (
			);
			inputFileListPaths = (
			);
			inputPaths = (
				"${PODS_PODFILE_DIR_PATH}/Podfile.lock",
				"${PODS_ROOT}/Manifest.lock",
			);
			name = "[CP] Check Pods Manifest.lock";
			outputFileListPaths = (
			);
			outputPaths = (
				"$(DERIVED_FILE_DIR)/Pods-MVVM-TTests-checkManifestLockResult.txt",
			);
			runOnlyForDeploymentPostprocessing = 0;
			shellPath = /bin/sh;
			shellScript = "diff \"${PODS_PODFILE_DIR_PATH}/Podfile.lock\" \"${PODS_ROOT}/Manifest.lock\" > /dev/null\nif [ $? != 0 ] ; then\n    # print error to STDERR\n    echo \"error: The sandbox is not in sync with the Podfile.lock. Run 'pod install' or update your CocoaPods installation.\" >&2\n    exit 1\nfi\n# This output is used by Xcode 'outputs' to avoid re-running this script phase.\necho \"SUCCESS\" > \"${SCRIPT_OUTPUT_FILE_0}\"\n";
			showEnvVarsInLog = 0;
		};
		65392F31385850EB87D239DE /* [CP] Embed Pods Frameworks */ = {
			isa = PBXShellScriptBuildPhase;
			buildActionMask = 2147483647;
			files = (
			);
			inputFileListPaths = (
				"${PODS_ROOT}/Target Support Files/Pods-MVVM-T/Pods-MVVM-T-frameworks-${CONFIGURATION}-input-files.xcfilelist",
			);
			name = "[CP] Embed Pods Frameworks";
			outputFileListPaths = (
				"${PODS_ROOT}/Target Support Files/Pods-MVVM-T/Pods-MVVM-T-frameworks-${CONFIGURATION}-output-files.xcfilelist",
			);
			runOnlyForDeploymentPostprocessing = 0;
			shellPath = /bin/sh;
			shellScript = "\"${PODS_ROOT}/Target Support Files/Pods-MVVM-T/Pods-MVVM-T-frameworks.sh\"\n";
			showEnvVarsInLog = 0;
		};
		C02B48B78A562F4C7B3FFE16 /* [CP] Copy Pods Resources */ = {
			isa = PBXShellScriptBuildPhase;
			buildActionMask = 2147483647;
			files = (
			);
			inputFileListPaths = (
				"${PODS_ROOT}/Target Support Files/Pods-MVVM-T/Pods-MVVM-T-resources-${CONFIGURATION}-input-files.xcfilelist",
			);
			name = "[CP] Copy Pods Resources";
			outputFileListPaths = (
				"${PODS_ROOT}/Target Support Files/Pods-MVVM-T/Pods-MVVM-T-resources-${CONFIGURATION}-output-files.xcfilelist",
			);
			runOnlyForDeploymentPostprocessing = 0;
			shellPath = /bin/sh;
			shellScript = "\"${PODS_ROOT}/Target Support Files/Pods-MVVM-T/Pods-MVVM-T-resources.sh\"\n";
			showEnvVarsInLog = 0;
		};
		D0662E61E363BA951ED8B1A3 /* [CP] Check Pods Manifest.lock */ = {
			isa = PBXShellScriptBuildPhase;
			buildActionMask = 2147483647;
			files = (
			);
			inputFileListPaths = (
			);
			inputPaths = (
				"${PODS_PODFILE_DIR_PATH}/Podfile.lock",
				"${PODS_ROOT}/Manifest.lock",
			);
			name = "[CP] Check Pods Manifest.lock";
			outputFileListPaths = (
			);
			outputPaths = (
				"$(DERIVED_FILE_DIR)/Pods-MVVM-T-checkManifestLockResult.txt",
			);
			runOnlyForDeploymentPostprocessing = 0;
			shellPath = /bin/sh;
			shellScript = "diff \"${PODS_PODFILE_DIR_PATH}/Podfile.lock\" \"${PODS_ROOT}/Manifest.lock\" > /dev/null\nif [ $? != 0 ] ; then\n    # print error to STDERR\n    echo \"error: The sandbox is not in sync with the Podfile.lock. Run 'pod install' or update your CocoaPods installation.\" >&2\n    exit 1\nfi\n# This output is used by Xcode 'outputs' to avoid re-running this script phase.\necho \"SUCCESS\" > \"${SCRIPT_OUTPUT_FILE_0}\"\n";
			showEnvVarsInLog = 0;
		};
/* End PBXShellScriptBuildPhase section */

/* Begin PBXSourcesBuildPhase section */
		5537C173248CBE9B00367F0C /* Sources */ = {
			isa = PBXSourcesBuildPhase;
			buildActionMask = 2147483647;
			files = (
				A26E1A1D2598BE92006A7D63 /* AppleSignIn.swift in Sources */,
				5537C1A0248D085D00367F0C /* JailBrokeCheck.swift in Sources */,
				5548F86D24D7C856009BFCFB /* UISegmentControlExtensions.swift in Sources */,
				A26518C52529A0340027A085 /* PopupList.swift in Sources */,
				A26518C42529A0340027A085 /* LocationManager.swift in Sources */,
				A25C0EF424DED62100E13292 /* ForgotPasswordViewController.swift in Sources */,
				A26518B325299FA10027A085 /* CustomButton.swift in Sources */,
				A2314DD425BC8448007962C3 /* LoginViewModelProtocol.swift in Sources */,
				A25745E32591C1530009C718 /* GoogleSignIn.swift in Sources */,
				A257465C25946BF20009C718 /* TabTransistion.swift in Sources */,
				5548F86324D7C6FE009BFCFB /* UITabBarItemExtensions.swift in Sources */,
				554482A924AEF96F0032E210 /* SectionHeaderView.swift in Sources */,
				A26518E32529A0A00027A085 /* UINavigationControllerExtensions.swift in Sources */,
				A26518AD25299FA10027A085 /* CustomPageControl.swift in Sources */,
				A26518C02529A0340027A085 /* DeviceHelper.swift in Sources */,
				A26518FA2529A4D60027A085 /* UserManager.swift in Sources */,
				5514FAF824A8609E00AF78B2 /* HomeViewController.swift in Sources */,
				A265190C2529A8C60027A085 /* SomeX.xcdatamodeld in Sources */,
				A246E61A24E1BC5400D4289F /* AutoLogin.swift in Sources */,
				A26E1A242598F22F006A7D63 /* AppleSignIn+Extension.swift in Sources */,
				A246E61824E1BC3800D4289F /* Authentication.swift in Sources */,
				A231C3F3254FC1DD008CBED9 /* NetworkEnvironment.swift in Sources */,
				A294FC532646C8F50011F0D8 /* TravellerEnums.swift in Sources */,
				A2FB6474264A6C2F00ED0084 /* UINotifications+Extensions.swift in Sources */,
				A26518C22529A0340027A085 /* ImagePicker.swift in Sources */,
				A26518C32529A0340027A085 /* DatePicker.swift in Sources */,
				A25E2C3324E90C19003A8942 /* UIDateExtensions.swift in Sources */,
				5548F86B24D7C821009BFCFB /* StringExtensions.swift in Sources */,
				A26518D82529A0A00027A085 /* UIViewExtensions.swift in Sources */,
				A2651893252999720027A085 /* UserModel.swift in Sources */,
				A283A03F259B3B07003A073B /* FirebaseSignIn.swift in Sources */,
				5537C17B248CBE9B00367F0C /* AppDelegate.swift in Sources */,
				A26519562529B8A60027A085 /* UsersCustomCell.swift in Sources */,
				55D3D923248D5C5B00A20926 /* AnimateView.swift in Sources */,
				55D3D91F248D4C2B00A20926 /* Alert.swift in Sources */,
				5537C1A2248D088900367F0C /* Keychain.swift in Sources */,
				5514FA8824948CE000AF78B2 /* LoginViewController.swift in Sources */,
				A26518E12529A0A00027A085 /* UIButtonExtensions.swift in Sources */,
				A26518E02529A0A00027A085 /* UIColorExtensions.swift in Sources */,
				A283A04A259BA0F8003A073B /* SocialSignInDelegates.swift in Sources */,
				5514FA912495FBC100AF78B2 /* LoginViewModel.swift in Sources */,
				5548F86F24D7C88A009BFCFB /* UITabBarExtensions.swift in Sources */,
				A2FB6470264A49FB00ED0084 /* SharedNetworkClient.swift in Sources */,
				5514FA8C2494980E00AF78B2 /* Nib.swift in Sources */,
				A231C421254FC3F1008CBED9 /* UserService.swift in Sources */,
				A294FC25264643B30011F0D8 /* DummyModel.swift in Sources */,
				5537C17D248CBE9B00367F0C /* SceneDelegate.swift in Sources */,
				A26518B125299FA10027A085 /* CustomLabel.swift in Sources */,
				A26519012529A5090027A085 /* UserRepository.swift in Sources */,
				A26E19D125986BFD006A7D63 /* FacebookSignIn.swift in Sources */,
				A26E1A2C2599CCFC006A7D63 /* SocialSignInProtocols.swift in Sources */,
				A26518DE2529A0A00027A085 /* ArrayExtensions.swift in Sources */,
				A231C422254FC3F1008CBED9 /* UserServiceEndPoint.swift in Sources */,
				A26518D92529A0A00027A085 /* UIViewControllerExtensions.swift in Sources */,
				5537C1A4248D092A00367F0C /* Configuration.swift in Sources */,
				A26518DB2529A0A00027A085 /* UIImageExtensions.swift in Sources */,
				5514FAFA24A860BF00AF78B2 /* ProfileViewController.swift in Sources */,
				A2574614259260100009C718 /* FirebaseAnalytics.swift in Sources */,
				A26518E22529A0A00027A085 /* UITextFieldExtensions.swift in Sources */,
				A246E61024E161D800D4289F /* UserDefaultHelperProtocols.swift in Sources */,
				A26518F12529A3420027A085 /* Countries.swift in Sources */,
				55D3D9302492762A00A20926 /* CustomPopup.swift in Sources */,
				A26518AE25299FA10027A085 /* CustomView.swift in Sources */,
				5533483824A9B42100DFD13E /* LaunchViewController.swift in Sources */,
				A231C42A254FC89E008CBED9 /* SSLPinningKeys.swift in Sources */,
				A26518B025299FA10027A085 /* CustomImageView.swift in Sources */,
				A26518D72529A0A00027A085 /* UIFontExtensions.swift in Sources */,
				A26518C72529A0340027A085 /* PublicEnums.swift in Sources */,
				A26518DF2529A0A00027A085 /* NSAttributedStringExtensions.swift in Sources */,
				A26519072529A5820027A085 /* PersistentStorage.swift in Sources */,
				5514FAF524A8599800AF78B2 /* TabBarController.swift in Sources */,
				A26518B225299FA10027A085 /* CustomTextField.swift in Sources */,
				A25C0EF224DEC63200E13292 /* HomeDetailsViewController.swift in Sources */,
				A2574662259473090009C718 /* TabFadeAnimation.swift in Sources */,
				A26518C62529A0340027A085 /* Validator.swift in Sources */,
				A2604DCA24E58A5300945435 /* BioMetricAuthentication.swift in Sources */,
				55D3D929248F7B3200A20926 /* LoadingIndicator.swift in Sources */,
				5548F86924D7C7D5009BFCFB /* UILabelExtensions.swift in Sources */,
				A26E1A282599A1DE006A7D63 /* TwitterSignIn.swift in Sources */,
				A26518DA2529A0A00027A085 /* UINavigationItemExtensions.swift in Sources */,
				A26518DC2529A0A00027A085 /* UIResponderExtensions.swift in Sources */,
				A23316DA261207BB0075B82F /* _Dependencies.swift in Sources */,
				A2AF841E24DFE64700BA174F /* UserDefaultsHelper.swift in Sources */,
				5548F86724D7C77E009BFCFB /* UIWindowExtensions.swift in Sources */,
				A2314C8625B97B88007962C3 /* CoreDataProtocols.swift in Sources */,
				A26518AF25299FA10027A085 /* LayoutHelper.swift in Sources */,
				A294FC542646C8F50011F0D8 /* TravellerProtocols.swift in Sources */,
				A2651889252998330027A085 /* TabeledCollectionCustomCell.swift in Sources */,
				A26518BF2529A0340027A085 /* CustomSegmentControl.swift in Sources */,
				5514FA8A24948CFB00AF78B2 /* SignupViewController.swift in Sources */,
				5514FAEF24A795E800AF78B2 /* UINavigationBarExtensions.swift in Sources */,
			);
			runOnlyForDeploymentPostprocessing = 0;
		};
		55A5B49124D67C9400F10070 /* Sources */ = {
			isa = PBXSourcesBuildPhase;
			buildActionMask = 2147483647;
			files = (
				55A5B4A324D67CCD00F10070 /* TravellerTests.swift in Sources */,
				A246E61524E16C6B00D4289F /* UserDefaultsMocks.swift in Sources */,
				55A5B4A524D67D2B00F10070 /* NavigationControllerMock.swift in Sources */,
				A246E61324E1627700D4289F /* UserDefaultsHelperTests.swift in Sources */,
				A25C0EEE24DC747F00E13292 /* ViewControllerMock.swift in Sources */,
				55A7F22124D7244A0058629E /* StoryBoardMock.swift in Sources */,
				A25C0EF024DE6F5400E13292 /* WindowMock.swift in Sources */,
			);
			runOnlyForDeploymentPostprocessing = 0;
		};
/* End PBXSourcesBuildPhase section */

/* Begin PBXTargetDependency section */
		55A5B49B24D67C9400F10070 /* PBXTargetDependency */ = {
			isa = PBXTargetDependency;
			target = 5537C176248CBE9B00367F0C /* MVVM-T */;
			targetProxy = 55A5B49A24D67C9400F10070 /* PBXContainerItemProxy */;
		};
/* End PBXTargetDependency section */

/* Begin PBXVariantGroup section */
		5537C185248CBE9C00367F0C /* LaunchScreen.storyboard */ = {
			isa = PBXVariantGroup;
			children = (
				5537C186248CBE9C00367F0C /* Base */,
			);
			name = LaunchScreen.storyboard;
			sourceTree = "<group>";
		};
/* End PBXVariantGroup section */

/* Begin XCBuildConfiguration section */
		5537C189248CBE9C00367F0C /* Debug */ = {
			isa = XCBuildConfiguration;
			baseConfigurationReference = 5537C1A6248D09A300367F0C /* Debug.xcconfig */;
			buildSettings = {
				ALWAYS_SEARCH_USER_PATHS = NO;
				CLANG_ANALYZER_NONNULL = YES;
				CLANG_ANALYZER_NUMBER_OBJECT_CONVERSION = YES_AGGRESSIVE;
				CLANG_CXX_LANGUAGE_STANDARD = "gnu++14";
				CLANG_CXX_LIBRARY = "libc++";
				CLANG_ENABLE_MODULES = YES;
				CLANG_ENABLE_OBJC_ARC = YES;
				CLANG_ENABLE_OBJC_WEAK = YES;
				CLANG_WARN_BLOCK_CAPTURE_AUTORELEASING = YES;
				CLANG_WARN_BOOL_CONVERSION = YES;
				CLANG_WARN_COMMA = YES;
				CLANG_WARN_CONSTANT_CONVERSION = YES;
				CLANG_WARN_DEPRECATED_OBJC_IMPLEMENTATIONS = YES;
				CLANG_WARN_DIRECT_OBJC_ISA_USAGE = YES_ERROR;
				CLANG_WARN_DOCUMENTATION_COMMENTS = YES;
				CLANG_WARN_EMPTY_BODY = YES;
				CLANG_WARN_ENUM_CONVERSION = YES;
				CLANG_WARN_INFINITE_RECURSION = YES;
				CLANG_WARN_INT_CONVERSION = YES;
				CLANG_WARN_NON_LITERAL_NULL_CONVERSION = YES;
				CLANG_WARN_OBJC_IMPLICIT_RETAIN_SELF = YES;
				CLANG_WARN_OBJC_LITERAL_CONVERSION = YES;
				CLANG_WARN_OBJC_ROOT_CLASS = YES_ERROR;
				CLANG_WARN_RANGE_LOOP_ANALYSIS = YES;
				CLANG_WARN_STRICT_PROTOTYPES = YES;
				CLANG_WARN_SUSPICIOUS_MOVE = YES;
				CLANG_WARN_UNGUARDED_AVAILABILITY = YES_AGGRESSIVE;
				CLANG_WARN_UNREACHABLE_CODE = YES;
				CLANG_WARN__DUPLICATE_METHOD_MATCH = YES;
				COPY_PHASE_STRIP = NO;
				DEBUG_INFORMATION_FORMAT = dwarf;
				ENABLE_STRICT_OBJC_MSGSEND = YES;
				ENABLE_TESTABILITY = YES;
				GCC_C_LANGUAGE_STANDARD = gnu11;
				GCC_DYNAMIC_NO_PIC = NO;
				GCC_NO_COMMON_BLOCKS = YES;
				GCC_OPTIMIZATION_LEVEL = 0;
				GCC_PREPROCESSOR_DEFINITIONS = (
					"DEBUG=1",
					"$(inherited)",
				);
				GCC_WARN_64_TO_32_BIT_CONVERSION = YES;
				GCC_WARN_ABOUT_RETURN_TYPE = YES_ERROR;
				GCC_WARN_UNDECLARED_SELECTOR = YES;
				GCC_WARN_UNINITIALIZED_AUTOS = YES_AGGRESSIVE;
				GCC_WARN_UNUSED_FUNCTION = YES;
				GCC_WARN_UNUSED_VARIABLE = YES;
				IPHONEOS_DEPLOYMENT_TARGET = 13.0;
				MTL_ENABLE_DEBUG_INFO = INCLUDE_SOURCE;
				MTL_FAST_MATH = YES;
				ONLY_ACTIVE_ARCH = YES;
				PRODUCT_NAME = "MVVM-T";
				SDKROOT = iphoneos;
				SWIFT_ACTIVE_COMPILATION_CONDITIONS = DEBUG;
				SWIFT_OPTIMIZATION_LEVEL = "-Onone";
			};
			name = Debug;
		};
		5537C18A248CBE9C00367F0C /* Release */ = {
			isa = XCBuildConfiguration;
			baseConfigurationReference = 5537C1A5248D096300367F0C /* Release.xcconfig */;
			buildSettings = {
				ALWAYS_SEARCH_USER_PATHS = NO;
				CLANG_ANALYZER_NONNULL = YES;
				CLANG_ANALYZER_NUMBER_OBJECT_CONVERSION = YES_AGGRESSIVE;
				CLANG_CXX_LANGUAGE_STANDARD = "gnu++14";
				CLANG_CXX_LIBRARY = "libc++";
				CLANG_ENABLE_MODULES = YES;
				CLANG_ENABLE_OBJC_ARC = YES;
				CLANG_ENABLE_OBJC_WEAK = YES;
				CLANG_WARN_BLOCK_CAPTURE_AUTORELEASING = YES;
				CLANG_WARN_BOOL_CONVERSION = YES;
				CLANG_WARN_COMMA = YES;
				CLANG_WARN_CONSTANT_CONVERSION = YES;
				CLANG_WARN_DEPRECATED_OBJC_IMPLEMENTATIONS = YES;
				CLANG_WARN_DIRECT_OBJC_ISA_USAGE = YES_ERROR;
				CLANG_WARN_DOCUMENTATION_COMMENTS = YES;
				CLANG_WARN_EMPTY_BODY = YES;
				CLANG_WARN_ENUM_CONVERSION = YES;
				CLANG_WARN_INFINITE_RECURSION = YES;
				CLANG_WARN_INT_CONVERSION = YES;
				CLANG_WARN_NON_LITERAL_NULL_CONVERSION = YES;
				CLANG_WARN_OBJC_IMPLICIT_RETAIN_SELF = YES;
				CLANG_WARN_OBJC_LITERAL_CONVERSION = YES;
				CLANG_WARN_OBJC_ROOT_CLASS = YES_ERROR;
				CLANG_WARN_RANGE_LOOP_ANALYSIS = YES;
				CLANG_WARN_STRICT_PROTOTYPES = YES;
				CLANG_WARN_SUSPICIOUS_MOVE = YES;
				CLANG_WARN_UNGUARDED_AVAILABILITY = YES_AGGRESSIVE;
				CLANG_WARN_UNREACHABLE_CODE = YES;
				CLANG_WARN__DUPLICATE_METHOD_MATCH = YES;
				COPY_PHASE_STRIP = NO;
				DEBUG_INFORMATION_FORMAT = "dwarf-with-dsym";
				ENABLE_NS_ASSERTIONS = NO;
				ENABLE_STRICT_OBJC_MSGSEND = YES;
				GCC_C_LANGUAGE_STANDARD = gnu11;
				GCC_NO_COMMON_BLOCKS = YES;
				GCC_WARN_64_TO_32_BIT_CONVERSION = YES;
				GCC_WARN_ABOUT_RETURN_TYPE = YES_ERROR;
				GCC_WARN_UNDECLARED_SELECTOR = YES;
				GCC_WARN_UNINITIALIZED_AUTOS = YES_AGGRESSIVE;
				GCC_WARN_UNUSED_FUNCTION = YES;
				GCC_WARN_UNUSED_VARIABLE = YES;
				IPHONEOS_DEPLOYMENT_TARGET = 13.0;
				MTL_ENABLE_DEBUG_INFO = NO;
				MTL_FAST_MATH = YES;
				PRODUCT_NAME = "MVVM-T";
				SDKROOT = iphoneos;
				SWIFT_COMPILATION_MODE = wholemodule;
				SWIFT_OPTIMIZATION_LEVEL = "-O";
				VALIDATE_PRODUCT = YES;
			};
			name = Release;
		};
		5537C18C248CBE9C00367F0C /* Debug */ = {
			isa = XCBuildConfiguration;
			baseConfigurationReference = 5537C1A6248D09A300367F0C /* Debug.xcconfig */;
			buildSettings = {
				ASSETCATALOG_COMPILER_APPICON_NAME = "${APP_ICON}";
				CODE_SIGN_ENTITLEMENTS = "MVVM-T/MVVM-T.entitlements";
				CODE_SIGN_STYLE = Automatic;
				DEVELOPMENT_TEAM = "";
				FRAMEWORK_SEARCH_PATHS = (
					"$(inherited)",
					"$(PROJECT_DIR)/Pods/JitsiMeetSDK/Frameworks",
					"$(PROJECT_DIR)",
					"$(PROJECT_DIR)/MVVM-T",
				);
				INFOPLIST_FILE = "$(SRCROOT)/MVVM-T/Resources/Info.plist";
				LD_RUNPATH_SEARCH_PATHS = (
					"$(inherited)",
					"@executable_path/Frameworks",
				);
				PRODUCT_BUNDLE_IDENTIFIER = "RCGroup.MVVM-T";
				PRODUCT_NAME = "MVVM-T";
				SWIFT_VERSION = 5.0;
				TARGETED_DEVICE_FAMILY = "1,2";
			};
			name = Debug;
		};
		5537C18D248CBE9C00367F0C /* Release */ = {
			isa = XCBuildConfiguration;
			baseConfigurationReference = 5537C1A5248D096300367F0C /* Release.xcconfig */;
			buildSettings = {
				ASSETCATALOG_COMPILER_APPICON_NAME = "${APP_ICON}";
				CODE_SIGN_ENTITLEMENTS = "MVVM-T/MVVM-T.entitlements";
				CODE_SIGN_STYLE = Automatic;
				DEVELOPMENT_TEAM = "";
				FRAMEWORK_SEARCH_PATHS = (
					"$(inherited)",
					"$(PROJECT_DIR)/Pods/JitsiMeetSDK/Frameworks",
					"$(PROJECT_DIR)",
					"$(PROJECT_DIR)/MVVM-T",
				);
				INFOPLIST_FILE = "$(SRCROOT)/MVVM-T/Resources/Info.plist";
				LD_RUNPATH_SEARCH_PATHS = (
					"$(inherited)",
					"@executable_path/Frameworks",
				);
				PRODUCT_BUNDLE_IDENTIFIER = "RCGroup.MVVM-T";
				PRODUCT_NAME = "MVVM-T";
				SWIFT_VERSION = 5.0;
				TARGETED_DEVICE_FAMILY = "1,2";
			};
			name = Release;
		};
		55A5B49C24D67C9400F10070 /* Debug */ = {
			isa = XCBuildConfiguration;
			baseConfigurationReference = 6985AF829ABE3D32B098772A /* Pods-MVVM-TTests.debug.xcconfig */;
			buildSettings = {
				BUNDLE_LOADER = "$(TEST_HOST)";
				"CODE_SIGN_IDENTITY[sdk=macosx*]" = "Apple Development";
				CODE_SIGN_STYLE = Automatic;
				DEVELOPMENT_TEAM = 5D3F6TU62C;
				INFOPLIST_FILE = "MVVM-T/Info.plist";
				IPHONEOS_DEPLOYMENT_TARGET = 13.5;
				LD_RUNPATH_SEARCH_PATHS = (
					"$(inherited)",
					"@executable_path/Frameworks",
					"@loader_path/Frameworks",
				);
				PRODUCT_BUNDLE_IDENTIFIER = RCGroup.MVVM_TTests;
				PRODUCT_NAME = "$(TARGET_NAME)";
				SWIFT_VERSION = 5.0;
				TARGETED_DEVICE_FAMILY = "1,2";
				TEST_HOST = "$(BUILT_PRODUCTS_DIR)/MVVM-T.app/MVVM-T";
			};
			name = Debug;
		};
		55A5B49D24D67C9400F10070 /* Release */ = {
			isa = XCBuildConfiguration;
			baseConfigurationReference = 54C356A8901B6045622A963A /* Pods-MVVM-TTests.release.xcconfig */;
			buildSettings = {
				BUNDLE_LOADER = "$(TEST_HOST)";
				"CODE_SIGN_IDENTITY[sdk=macosx*]" = "Apple Development";
				CODE_SIGN_STYLE = Automatic;
				DEVELOPMENT_TEAM = 5D3F6TU62C;
				INFOPLIST_FILE = "MVVM-T/Info.plist";
				IPHONEOS_DEPLOYMENT_TARGET = 13.5;
				LD_RUNPATH_SEARCH_PATHS = (
					"$(inherited)",
					"@executable_path/Frameworks",
					"@loader_path/Frameworks",
				);
				PRODUCT_BUNDLE_IDENTIFIER = RCGroup.MVVM_TTests;
				PRODUCT_NAME = "$(TARGET_NAME)";
				SWIFT_VERSION = 5.0;
				TARGETED_DEVICE_FAMILY = "1,2";
				TEST_HOST = "$(BUILT_PRODUCTS_DIR)/MVVM-T.app/MVVM-T";
			};
			name = Release;
		};
/* End XCBuildConfiguration section */

/* Begin XCConfigurationList section */
		5537C172248CBE9B00367F0C /* Build configuration list for PBXProject "MVVM-T" */ = {
			isa = XCConfigurationList;
			buildConfigurations = (
				5537C189248CBE9C00367F0C /* Debug */,
				5537C18A248CBE9C00367F0C /* Release */,
			);
			defaultConfigurationIsVisible = 0;
			defaultConfigurationName = Release;
		};
		5537C18B248CBE9C00367F0C /* Build configuration list for PBXNativeTarget "MVVM-T" */ = {
			isa = XCConfigurationList;
			buildConfigurations = (
				5537C18C248CBE9C00367F0C /* Debug */,
				5537C18D248CBE9C00367F0C /* Release */,
			);
			defaultConfigurationIsVisible = 0;
			defaultConfigurationName = Release;
		};
		55A5B49E24D67C9400F10070 /* Build configuration list for PBXNativeTarget "MVVM-TTests" */ = {
			isa = XCConfigurationList;
			buildConfigurations = (
				55A5B49C24D67C9400F10070 /* Debug */,
				55A5B49D24D67C9400F10070 /* Release */,
			);
			defaultConfigurationIsVisible = 0;
			defaultConfigurationName = Release;
		};
/* End XCConfigurationList section */

/* Begin XCRemoteSwiftPackageReference section */
		A23316D3261207400075B82F /* XCRemoteSwiftPackageReference "DependencyContainer" */ = {
			isa = XCRemoteSwiftPackageReference;
			repositoryURL = "https://github.com/Radhach9027/DependencyContainer.git";
			requirement = {
				branch = master;
				kind = branch;
			};
		};
		A233170C26203C7B0075B82F /* XCRemoteSwiftPackageReference "Reachability" */ = {
			isa = XCRemoteSwiftPackageReference;
			repositoryURL = "https://github.com/ashleymills/Reachability.swift";
			requirement = {
				kind = upToNextMajorVersion;
				minimumVersion = 5.1.0;
			};
		};
		A233172A262043B00075B82F /* XCRemoteSwiftPackageReference "firebase-ios-sdk" */ = {
			isa = XCRemoteSwiftPackageReference;
			repositoryURL = "https://github.com/firebase/firebase-ios-sdk.git";
			requirement = {
				kind = upToNextMajorVersion;
				minimumVersion = 7.10.0;
			};
		};
		A233173F262045200075B82F /* XCRemoteSwiftPackageReference "SwiftKeychainWrapper" */ = {
			isa = XCRemoteSwiftPackageReference;
			repositoryURL = "https://github.com/jrendel/SwiftKeychainWrapper";
			requirement = {
				kind = upToNextMajorVersion;
				minimumVersion = 4.0.1;
			};
		};
		A233175126207D5F0075B82F /* XCRemoteSwiftPackageReference "facebook-ios-sdk" */ = {
			isa = XCRemoteSwiftPackageReference;
			repositoryURL = "https://github.com/facebook/facebook-ios-sdk";
			requirement = {
				kind = upToNextMajorVersion;
				minimumVersion = 9.1.0;
			};
		};
		A2A95B972645B926009C8DB4 /* XCRemoteSwiftPackageReference "GenericCollectionsPackage" */ = {
			isa = XCRemoteSwiftPackageReference;
			repositoryURL = "https://github.com/Radhach9027/GenericCollectionsPackage.git";
			requirement = {
				kind = upToNextMajorVersion;
				minimumVersion = 1.0.0;
			};
		};
		A2F2383425C2A54C00C27931 /* XCRemoteSwiftPackageReference "SwiftTraveller" */ = {
			isa = XCRemoteSwiftPackageReference;
			repositoryURL = "https://github.com/ChandanChilamkurthy/SwiftTraveller.git";
			requirement = {
				branch = master;
				kind = branch;
			};
		};
/* End XCRemoteSwiftPackageReference section */

/* Begin XCSwiftPackageProductDependency section */
		A23316D4261207400075B82F /* DependencyContainer */ = {
			isa = XCSwiftPackageProductDependency;
			package = A23316D3261207400075B82F /* XCRemoteSwiftPackageReference "DependencyContainer" */;
			productName = DependencyContainer;
		};
		A233170D26203C7B0075B82F /* Reachability */ = {
			isa = XCSwiftPackageProductDependency;
			package = A233170C26203C7B0075B82F /* XCRemoteSwiftPackageReference "Reachability" */;
			productName = Reachability;
		};
		A233172B262043B00075B82F /* FirebaseAnalytics */ = {
			isa = XCSwiftPackageProductDependency;
			package = A233172A262043B00075B82F /* XCRemoteSwiftPackageReference "firebase-ios-sdk" */;
			productName = FirebaseAnalytics;
		};
		A233172D262043B00075B82F /* FirebaseAuth */ = {
			isa = XCSwiftPackageProductDependency;
			package = A233172A262043B00075B82F /* XCRemoteSwiftPackageReference "firebase-ios-sdk" */;
			productName = FirebaseAuth;
		};
		A2331740262045200075B82F /* SwiftKeychainWrapper */ = {
			isa = XCSwiftPackageProductDependency;
			package = A233173F262045200075B82F /* XCRemoteSwiftPackageReference "SwiftKeychainWrapper" */;
			productName = SwiftKeychainWrapper;
		};
		A233175226207D600075B82F /* FacebookCore */ = {
			isa = XCSwiftPackageProductDependency;
			package = A233175126207D5F0075B82F /* XCRemoteSwiftPackageReference "facebook-ios-sdk" */;
			productName = FacebookCore;
		};
		A233175426207D600075B82F /* FacebookLogin */ = {
			isa = XCSwiftPackageProductDependency;
			package = A233175126207D5F0075B82F /* XCRemoteSwiftPackageReference "facebook-ios-sdk" */;
			productName = FacebookLogin;
		};
		A2A95B982645B927009C8DB4 /* GenericCollectionsPackage */ = {
			isa = XCSwiftPackageProductDependency;
			package = A2A95B972645B926009C8DB4 /* XCRemoteSwiftPackageReference "GenericCollectionsPackage" */;
			productName = GenericCollectionsPackage;
		};
		A2F2383525C2A54C00C27931 /* SwiftTraveller */ = {
			isa = XCSwiftPackageProductDependency;
			package = A2F2383425C2A54C00C27931 /* XCRemoteSwiftPackageReference "SwiftTraveller" */;
			productName = SwiftTraveller;
		};
/* End XCSwiftPackageProductDependency section */

/* Begin XCVersionGroup section */
		A265190A2529A8C60027A085 /* SomeX.xcdatamodeld */ = {
			isa = XCVersionGroup;
			children = (
				A265190B2529A8C60027A085 /* SomeX.xcdatamodel */,
			);
			currentVersion = A265190B2529A8C60027A085 /* SomeX.xcdatamodel */;
			path = SomeX.xcdatamodeld;
			sourceTree = "<group>";
			versionGroupType = wrapper.xcdatamodel;
		};
/* End XCVersionGroup section */
	};
	rootObject = 5537C16F248CBE9B00367F0C /* Project object */;
}
