{
  "object": {
    "pins": [
      {
        "package": "DependencyContainer",
        "repositoryURL": "https://github.com/Radhach9027/DependencyContainer.git",
        "state": {
          "branch": "master",
          "revision": "87e4b3d6f7cf81d1c12809c2e6acb888d9624271",
          "version": null
        }
      },
      {
        "package": "GenericCollectionsPackage",
        "repositoryURL": "https://github.com/Radhach9027/GenericCollectionsPackage.git",
        "state": {
          "branch": null,
          "revision": "0d12cbd713a5d5eba02074179fbf517a79ab8219",
          "version": "1.0.3"
        }
      },
      {
        "package": "NetworkClientPackage",
        "repositoryURL": "https://github.com/Radhach9027/NetworkClientPackage.git",
        "state": {
          "branch": null,
          "revision": "9e7e91349737d03b45533cc26d5851b4fb527070",
          "version": "0.0.1"
        }
      },
      {
        "package": "Reachability",
        "repositoryURL": "https://github.com/ashleymills/Reachability.swift",
        "state": {
          "branch": null,
          "revision": "c01bbdf2d633cf049ae1ed1a68a2020a8bda32e2",
          "version": "5.1.0"
        }
      },
      {
        "package": "ReusableComponentsSwift",
        "repositoryURL": "https://github.com/Radhach9027/ReusableComponentsSwift.git",
        "state": {
          "branch": null,
          "revision": "1dcffd517df8bd7991219e6a25af5c607e4fe86b",
          "version": "1.0.0"
        }
      },
      {
        "package": "SwiftKeychainWrapper",
        "repositoryURL": "https://github.com/jrendel/SwiftKeychainWrapper",
        "state": {
          "branch": null,
          "revision": "185a3165346a03767101c4f62e9a545a0fe0530f",
          "version": "4.0.1"
        }
      },
      {
        "package": "SwiftTraveller",
        "repositoryURL": "https://github.com/ChandanChilamkurthy/SwiftTraveller.git",
        "state": {
          "branch": "master",
          "revision": "9981a1574fefebb95a4c08c3a8003ef3d9d8dbd7",
          "version": null
        }
      }
    ]
  },
  "version": 1
}
