// !$*UTF8*$!
{
	archiveVersion = 1;
	classes = {
	};
	objectVersion = 51;
	objects = {

/* Begin PBXBuildFile section */
		4EAA109FC289B82DB9AB6BF4 /* Pods_MVVM_C.framework in Frameworks */ = {isa = PBXBuildFile; fileRef = CCD8ACB46A907F9118D1DB56 /* Pods_MVVM_C.framework */; };
		5514FA8824948CE000AF78B2 /* LoginViewController.swift in Sources */ = {isa = PBXBuildFile; fileRef = 5514FA8724948CE000AF78B2 /* LoginViewController.swift */; };
		5514FA8A24948CFB00AF78B2 /* SignupViewController.swift in Sources */ = {isa = PBXBuildFile; fileRef = 5514FA8924948CFB00AF78B2 /* SignupViewController.swift */; };
		5514FA8C2494980E00AF78B2 /* Nib.swift in Sources */ = {isa = PBXBuildFile; fileRef = 5514FA8B2494980E00AF78B2 /* Nib.swift */; };
		5514FA912495FBC100AF78B2 /* LoginViewModel.swift in Sources */ = {isa = PBXBuildFile; fileRef = 5514FA902495FBC100AF78B2 /* LoginViewModel.swift */; };
		5514FAEF24A795E800AF78B2 /* UINavigationBarExtensions.swift in Sources */ = {isa = PBXBuildFile; fileRef = 5514FAEE24A795E800AF78B2 /* UINavigationBarExtensions.swift */; };
		5514FAF124A841A500AF78B2 /* TabBar.storyboard in Resources */ = {isa = PBXBuildFile; fileRef = 5514FAF024A841A500AF78B2 /* TabBar.storyboard */; };
		5514FAF324A8425700AF78B2 /* Login.storyboard in Resources */ = {isa = PBXBuildFile; fileRef = 5514FAF224A8425700AF78B2 /* Login.storyboard */; };
		5514FAF524A8599800AF78B2 /* TabBarController.swift in Sources */ = {isa = PBXBuildFile; fileRef = 5514FAF424A8599800AF78B2 /* TabBarController.swift */; };
		5514FAF824A8609E00AF78B2 /* HomeViewController.swift in Sources */ = {isa = PBXBuildFile; fileRef = 5514FAF724A8609E00AF78B2 /* HomeViewController.swift */; };
		5514FAFA24A860BF00AF78B2 /* ProfileViewController.swift in Sources */ = {isa = PBXBuildFile; fileRef = 5514FAF924A860BF00AF78B2 /* ProfileViewController.swift */; };
		5533483824A9B42100DFD13E /* LaunchViewController.swift in Sources */ = {isa = PBXBuildFile; fileRef = 5533483724A9B42100DFD13E /* LaunchViewController.swift */; };
		5537C17B248CBE9B00367F0C /* AppDelegate.swift in Sources */ = {isa = PBXBuildFile; fileRef = 5537C17A248CBE9B00367F0C /* AppDelegate.swift */; };
		5537C17D248CBE9B00367F0C /* SceneDelegate.swift in Sources */ = {isa = PBXBuildFile; fileRef = 5537C17C248CBE9B00367F0C /* SceneDelegate.swift */; };
		5537C184248CBE9C00367F0C /* Assets.xcassets in Resources */ = {isa = PBXBuildFile; fileRef = 5537C183248CBE9C00367F0C /* Assets.xcassets */; };
		5537C187248CBE9C00367F0C /* LaunchScreen.storyboard in Resources */ = {isa = PBXBuildFile; fileRef = 5537C185248CBE9C00367F0C /* LaunchScreen.storyboard */; };
		5537C199248D06E600367F0C /* NetworkClient.swift in Sources */ = {isa = PBXBuildFile; fileRef = 5537C196248D06E600367F0C /* NetworkClient.swift */; };
		5537C19A248D06E600367F0C /* SSLPinning.swift in Sources */ = {isa = PBXBuildFile; fileRef = 5537C197248D06E600367F0C /* SSLPinning.swift */; };
		5537C19B248D06E600367F0C /* NetworkEndPoint.swift in Sources */ = {isa = PBXBuildFile; fileRef = 5537C198248D06E600367F0C /* NetworkEndPoint.swift */; };
		5537C19E248D07D000367F0C /* Coordinator.swift in Sources */ = {isa = PBXBuildFile; fileRef = 5537C19D248D07D000367F0C /* Coordinator.swift */; };
		5537C1A0248D085D00367F0C /* JailBrokeCheck.swift in Sources */ = {isa = PBXBuildFile; fileRef = 5537C19F248D085D00367F0C /* JailBrokeCheck.swift */; };
		5537C1A2248D088900367F0C /* Keychain.swift in Sources */ = {isa = PBXBuildFile; fileRef = 5537C1A1248D088900367F0C /* Keychain.swift */; };
		5537C1A4248D092A00367F0C /* Environment.swift in Sources */ = {isa = PBXBuildFile; fileRef = 5537C1A3248D092A00367F0C /* Environment.swift */; };
		554482A924AEF96F0032E210 /* SectionHeaderView.swift in Sources */ = {isa = PBXBuildFile; fileRef = 554482A824AEF96F0032E210 /* SectionHeaderView.swift */; };
		554482AB24AEF9880032E210 /* SectionHeaderView.xib in Resources */ = {isa = PBXBuildFile; fileRef = 554482AA24AEF9880032E210 /* SectionHeaderView.xib */; };
		5548F86324D7C6FE009BFCFB /* UITabBarItemExtensions.swift in Sources */ = {isa = PBXBuildFile; fileRef = 5548F86224D7C6FE009BFCFB /* UITabBarItemExtensions.swift */; };
		5548F86524D7C747009BFCFB /* ViewControllerExtensions.swift in Sources */ = {isa = PBXBuildFile; fileRef = 5548F86424D7C747009BFCFB /* ViewControllerExtensions.swift */; };
		5548F86724D7C77E009BFCFB /* UIWindowExtensions.swift in Sources */ = {isa = PBXBuildFile; fileRef = 5548F86624D7C77E009BFCFB /* UIWindowExtensions.swift */; };
		5548F86924D7C7D5009BFCFB /* UILabelExtensions.swift in Sources */ = {isa = PBXBuildFile; fileRef = 5548F86824D7C7D5009BFCFB /* UILabelExtensions.swift */; };
		5548F86B24D7C821009BFCFB /* StringExtensions.swift in Sources */ = {isa = PBXBuildFile; fileRef = 5548F86A24D7C821009BFCFB /* StringExtensions.swift */; };
		5548F86D24D7C856009BFCFB /* UISegmentControlExtensions.swift in Sources */ = {isa = PBXBuildFile; fileRef = 5548F86C24D7C856009BFCFB /* UISegmentControlExtensions.swift */; };
		5548F86F24D7C88A009BFCFB /* UITabBarExtensions.swift in Sources */ = {isa = PBXBuildFile; fileRef = 5548F86E24D7C88A009BFCFB /* UITabBarExtensions.swift */; };
		5548F87224D7C977009BFCFB /* CoordinatorNavigationProtocol.swift in Sources */ = {isa = PBXBuildFile; fileRef = 5548F87124D7C977009BFCFB /* CoordinatorNavigationProtocol.swift */; };
		5548F87424D7C9B3009BFCFB /* CoordinatorViewControllerProtocol.swift in Sources */ = {isa = PBXBuildFile; fileRef = 5548F87324D7C9B3009BFCFB /* CoordinatorViewControllerProtocol.swift */; };
		5548F87624D7C9FA009BFCFB /* CoordinatorStoryBoardSegueProtocol.swift in Sources */ = {isa = PBXBuildFile; fileRef = 5548F87524D7C9FA009BFCFB /* CoordinatorStoryBoardSegueProtocol.swift */; };
		5548F87824D7CA3D009BFCFB /* CoordinatorWindowProtocol.swift in Sources */ = {isa = PBXBuildFile; fileRef = 5548F87724D7CA3D009BFCFB /* CoordinatorWindowProtocol.swift */; };
		55A5B48C24D3460E00F10070 /* CoordinatorStoryBoardProtocol.swift in Sources */ = {isa = PBXBuildFile; fileRef = 55A5B48B24D3460E00F10070 /* CoordinatorStoryBoardProtocol.swift */; };
		55A5B48E24D3463000F10070 /* Routing.swift in Sources */ = {isa = PBXBuildFile; fileRef = 55A5B48D24D3462F00F10070 /* Routing.swift */; };
		55A5B49024D5A05B00F10070 /* CoordinatorRoutingProtcol.swift in Sources */ = {isa = PBXBuildFile; fileRef = 55A5B48F24D5A05B00F10070 /* CoordinatorRoutingProtcol.swift */; };
		55A5B49824D67C9400F10070 /* MVVM_CTests.swift in Sources */ = {isa = PBXBuildFile; fileRef = 55A5B49724D67C9400F10070 /* MVVM_CTests.swift */; };
		55A5B4A324D67CCD00F10070 /* CoordinatorTests.swift in Sources */ = {isa = PBXBuildFile; fileRef = 55A5B4A224D67CCD00F10070 /* CoordinatorTests.swift */; };
		55A5B4A524D67D2B00F10070 /* NavigationControllerMock.swift in Sources */ = {isa = PBXBuildFile; fileRef = 55A5B4A424D67D2B00F10070 /* NavigationControllerMock.swift */; };
		55A7F22124D7244A0058629E /* StoryBoardMock.swift in Sources */ = {isa = PBXBuildFile; fileRef = 55A7F22024D7244A0058629E /* StoryBoardMock.swift */; };
		55B69F2724BEDCAF00E99014 /* Destinations.swift in Sources */ = {isa = PBXBuildFile; fileRef = 55B69F2624BEDCAF00E99014 /* Destinations.swift */; };
		55D3D919248D2D7E00A20926 /* GenericCollectionViewController.swift in Sources */ = {isa = PBXBuildFile; fileRef = 55D3D917248D2D7D00A20926 /* GenericCollectionViewController.swift */; };
		55D3D91A248D2D7E00A20926 /* GenericTableViewController.swift in Sources */ = {isa = PBXBuildFile; fileRef = 55D3D918248D2D7D00A20926 /* GenericTableViewController.swift */; };
		55D3D91C248D2E4900A20926 /* GenericCustomCellModel.swift in Sources */ = {isa = PBXBuildFile; fileRef = 55D3D91B248D2E4900A20926 /* GenericCustomCellModel.swift */; };
		55D3D91F248D4C2B00A20926 /* Alert.swift in Sources */ = {isa = PBXBuildFile; fileRef = 55D3D91E248D4C2B00A20926 /* Alert.swift */; };
		55D3D921248D568500A20926 /* NetworkReachability.swift in Sources */ = {isa = PBXBuildFile; fileRef = 55D3D920248D568500A20926 /* NetworkReachability.swift */; };
		55D3D923248D5C5B00A20926 /* AnimateView.swift in Sources */ = {isa = PBXBuildFile; fileRef = 55D3D922248D5C5B00A20926 /* AnimateView.swift */; };
		55D3D925248E885200A20926 /* AppFont.swift in Sources */ = {isa = PBXBuildFile; fileRef = 55D3D924248E885200A20926 /* AppFont.swift */; };
		55D3D927248E90CE00A20926 /* AppColors.swift in Sources */ = {isa = PBXBuildFile; fileRef = 55D3D926248E90CE00A20926 /* AppColors.swift */; };
		55D3D929248F7B3200A20926 /* LoadingIndicator.swift in Sources */ = {isa = PBXBuildFile; fileRef = 55D3D928248F7B3200A20926 /* LoadingIndicator.swift */; };
		55D3D92B248F7BFB00A20926 /* LoadingIndicator.xib in Resources */ = {isa = PBXBuildFile; fileRef = 55D3D92A248F7BFB00A20926 /* LoadingIndicator.xib */; };
		55D3D92E248F7E4D00A20926 /* Designables.swift in Sources */ = {isa = PBXBuildFile; fileRef = 55D3D92D248F7E4D00A20926 /* Designables.swift */; };
		55D3D9302492762A00A20926 /* CustomPopup.swift in Sources */ = {isa = PBXBuildFile; fileRef = 55D3D92F2492762A00A20926 /* CustomPopup.swift */; };
		55D3D9322492765200A20926 /* CustomPopup.xib in Resources */ = {isa = PBXBuildFile; fileRef = 55D3D9312492765200A20926 /* CustomPopup.xib */; };
		A25C0EEE24DC747F00E13292 /* ViewControllerMock.swift in Sources */ = {isa = PBXBuildFile; fileRef = A25C0EED24DC747F00E13292 /* ViewControllerMock.swift */; };
		A25C0EF024DE6F5400E13292 /* WindowMock.swift in Sources */ = {isa = PBXBuildFile; fileRef = A25C0EEF24DE6F5400E13292 /* WindowMock.swift */; };
		A25C0EF224DEC63200E13292 /* HomeDetailsViewController.swift in Sources */ = {isa = PBXBuildFile; fileRef = A25C0EF124DEC63200E13292 /* HomeDetailsViewController.swift */; };
		A25C0EF424DED62100E13292 /* ForgotPasswordViewController.swift in Sources */ = {isa = PBXBuildFile; fileRef = A25C0EF324DED62100E13292 /* ForgotPasswordViewController.swift */; };
		A2AF841E24DFE64700BA174F /* UserDefaultsHelper.swift in Sources */ = {isa = PBXBuildFile; fileRef = A2AF841D24DFE64700BA174F /* UserDefaultsHelper.swift */; };
		FF4331B0A250246448C494A7 /* Pods_MVVM_CTests.framework in Frameworks */ = {isa = PBXBuildFile; fileRef = F581B42A9313ED0609FD1B3E /* Pods_MVVM_CTests.framework */; };
/* End PBXBuildFile section */

/* Begin PBXContainerItemProxy section */
		55A5B49A24D67C9400F10070 /* PBXContainerItemProxy */ = {
			isa = PBXContainerItemProxy;
			containerPortal = 5537C16F248CBE9B00367F0C /* Project object */;
			proxyType = 1;
			remoteGlobalIDString = 5537C176248CBE9B00367F0C;
			remoteInfo = LasoCare;
		};
/* End PBXContainerItemProxy section */

/* Begin PBXFileReference section */
		546BDC8E42FE5EBF49108453 /* Pods-MVVM-CTests.debug.xcconfig */ = {isa = PBXFileReference; includeInIndex = 1; lastKnownFileType = text.xcconfig; name = "Pods-MVVM-CTests.debug.xcconfig"; path = "Target Support Files/Pods-MVVM-CTests/Pods-MVVM-CTests.debug.xcconfig"; sourceTree = "<group>"; };
		5514FA8724948CE000AF78B2 /* LoginViewController.swift */ = {isa = PBXFileReference; lastKnownFileType = sourcecode.swift; path = LoginViewController.swift; sourceTree = "<group>"; };
		5514FA8924948CFB00AF78B2 /* SignupViewController.swift */ = {isa = PBXFileReference; lastKnownFileType = sourcecode.swift; path = SignupViewController.swift; sourceTree = "<group>"; };
		5514FA8B2494980E00AF78B2 /* Nib.swift */ = {isa = PBXFileReference; lastKnownFileType = sourcecode.swift; path = Nib.swift; sourceTree = "<group>"; };
		5514FA902495FBC100AF78B2 /* LoginViewModel.swift */ = {isa = PBXFileReference; lastKnownFileType = sourcecode.swift; path = LoginViewModel.swift; sourceTree = "<group>"; };
		5514FAEE24A795E800AF78B2 /* UINavigationBarExtensions.swift */ = {isa = PBXFileReference; lastKnownFileType = sourcecode.swift; path = UINavigationBarExtensions.swift; sourceTree = "<group>"; };
		5514FAF024A841A500AF78B2 /* TabBar.storyboard */ = {isa = PBXFileReference; lastKnownFileType = file.storyboard; path = TabBar.storyboard; sourceTree = "<group>"; };
		5514FAF224A8425700AF78B2 /* Login.storyboard */ = {isa = PBXFileReference; lastKnownFileType = file.storyboard; path = Login.storyboard; sourceTree = "<group>"; };
		5514FAF424A8599800AF78B2 /* TabBarController.swift */ = {isa = PBXFileReference; lastKnownFileType = sourcecode.swift; path = TabBarController.swift; sourceTree = "<group>"; };
		5514FAF724A8609E00AF78B2 /* HomeViewController.swift */ = {isa = PBXFileReference; lastKnownFileType = sourcecode.swift; path = HomeViewController.swift; sourceTree = "<group>"; };
		5514FAF924A860BF00AF78B2 /* ProfileViewController.swift */ = {isa = PBXFileReference; lastKnownFileType = sourcecode.swift; path = ProfileViewController.swift; sourceTree = "<group>"; };
		5533483724A9B42100DFD13E /* LaunchViewController.swift */ = {isa = PBXFileReference; lastKnownFileType = sourcecode.swift; path = LaunchViewController.swift; sourceTree = "<group>"; };
		5537C177248CBE9B00367F0C /* MVVM-C.app */ = {isa = PBXFileReference; explicitFileType = wrapper.application; includeInIndex = 0; path = "MVVM-C.app"; sourceTree = BUILT_PRODUCTS_DIR; };
		5537C17A248CBE9B00367F0C /* AppDelegate.swift */ = {isa = PBXFileReference; lastKnownFileType = sourcecode.swift; path = AppDelegate.swift; sourceTree = "<group>"; };
		5537C17C248CBE9B00367F0C /* SceneDelegate.swift */ = {isa = PBXFileReference; lastKnownFileType = sourcecode.swift; path = SceneDelegate.swift; sourceTree = "<group>"; };
		5537C183248CBE9C00367F0C /* Assets.xcassets */ = {isa = PBXFileReference; lastKnownFileType = folder.assetcatalog; path = Assets.xcassets; sourceTree = "<group>"; };
		5537C186248CBE9C00367F0C /* Base */ = {isa = PBXFileReference; lastKnownFileType = file.storyboard; name = Base; path = Base.lproj/LaunchScreen.storyboard; sourceTree = "<group>"; };
		5537C188248CBE9C00367F0C /* Info.plist */ = {isa = PBXFileReference; lastKnownFileType = text.plist.xml; path = Info.plist; sourceTree = "<group>"; };
		5537C196248D06E600367F0C /* NetworkClient.swift */ = {isa = PBXFileReference; fileEncoding = 4; lastKnownFileType = sourcecode.swift; path = NetworkClient.swift; sourceTree = "<group>"; };
		5537C197248D06E600367F0C /* SSLPinning.swift */ = {isa = PBXFileReference; fileEncoding = 4; lastKnownFileType = sourcecode.swift; path = SSLPinning.swift; sourceTree = "<group>"; };
		5537C198248D06E600367F0C /* NetworkEndPoint.swift */ = {isa = PBXFileReference; fileEncoding = 4; lastKnownFileType = sourcecode.swift; path = NetworkEndPoint.swift; sourceTree = "<group>"; };
		5537C19D248D07D000367F0C /* Coordinator.swift */ = {isa = PBXFileReference; lastKnownFileType = sourcecode.swift; path = Coordinator.swift; sourceTree = "<group>"; };
		5537C19F248D085D00367F0C /* JailBrokeCheck.swift */ = {isa = PBXFileReference; lastKnownFileType = sourcecode.swift; path = JailBrokeCheck.swift; sourceTree = "<group>"; };
		5537C1A1248D088900367F0C /* Keychain.swift */ = {isa = PBXFileReference; lastKnownFileType = sourcecode.swift; path = Keychain.swift; sourceTree = "<group>"; };
		5537C1A3248D092A00367F0C /* Environment.swift */ = {isa = PBXFileReference; fileEncoding = 4; lastKnownFileType = sourcecode.swift; path = Environment.swift; sourceTree = "<group>"; };
		5537C1A5248D096300367F0C /* Release.xcconfig */ = {isa = PBXFileReference; lastKnownFileType = text.xcconfig; path = Release.xcconfig; sourceTree = "<group>"; };
		5537C1A6248D09A300367F0C /* Debug.xcconfig */ = {isa = PBXFileReference; lastKnownFileType = text.xcconfig; path = Debug.xcconfig; sourceTree = "<group>"; };
		554482A824AEF96F0032E210 /* SectionHeaderView.swift */ = {isa = PBXFileReference; lastKnownFileType = sourcecode.swift; path = SectionHeaderView.swift; sourceTree = "<group>"; };
		554482AA24AEF9880032E210 /* SectionHeaderView.xib */ = {isa = PBXFileReference; lastKnownFileType = file.xib; path = SectionHeaderView.xib; sourceTree = "<group>"; };
		5548F86224D7C6FE009BFCFB /* UITabBarItemExtensions.swift */ = {isa = PBXFileReference; lastKnownFileType = sourcecode.swift; path = UITabBarItemExtensions.swift; sourceTree = "<group>"; };
		5548F86424D7C747009BFCFB /* ViewControllerExtensions.swift */ = {isa = PBXFileReference; lastKnownFileType = sourcecode.swift; path = ViewControllerExtensions.swift; sourceTree = "<group>"; };
		5548F86624D7C77E009BFCFB /* UIWindowExtensions.swift */ = {isa = PBXFileReference; lastKnownFileType = sourcecode.swift; path = UIWindowExtensions.swift; sourceTree = "<group>"; };
		5548F86824D7C7D5009BFCFB /* UILabelExtensions.swift */ = {isa = PBXFileReference; lastKnownFileType = sourcecode.swift; path = UILabelExtensions.swift; sourceTree = "<group>"; };
		5548F86A24D7C821009BFCFB /* StringExtensions.swift */ = {isa = PBXFileReference; lastKnownFileType = sourcecode.swift; path = StringExtensions.swift; sourceTree = "<group>"; };
		5548F86C24D7C856009BFCFB /* UISegmentControlExtensions.swift */ = {isa = PBXFileReference; lastKnownFileType = sourcecode.swift; path = UISegmentControlExtensions.swift; sourceTree = "<group>"; };
		5548F86E24D7C88A009BFCFB /* UITabBarExtensions.swift */ = {isa = PBXFileReference; lastKnownFileType = sourcecode.swift; path = UITabBarExtensions.swift; sourceTree = "<group>"; };
		5548F87124D7C977009BFCFB /* CoordinatorNavigationProtocol.swift */ = {isa = PBXFileReference; lastKnownFileType = sourcecode.swift; path = CoordinatorNavigationProtocol.swift; sourceTree = "<group>"; };
		5548F87324D7C9B3009BFCFB /* CoordinatorViewControllerProtocol.swift */ = {isa = PBXFileReference; lastKnownFileType = sourcecode.swift; path = CoordinatorViewControllerProtocol.swift; sourceTree = "<group>"; };
		5548F87524D7C9FA009BFCFB /* CoordinatorStoryBoardSegueProtocol.swift */ = {isa = PBXFileReference; lastKnownFileType = sourcecode.swift; path = CoordinatorStoryBoardSegueProtocol.swift; sourceTree = "<group>"; };
		5548F87724D7CA3D009BFCFB /* CoordinatorWindowProtocol.swift */ = {isa = PBXFileReference; lastKnownFileType = sourcecode.swift; path = CoordinatorWindowProtocol.swift; sourceTree = "<group>"; };
		55A5B48B24D3460E00F10070 /* CoordinatorStoryBoardProtocol.swift */ = {isa = PBXFileReference; lastKnownFileType = sourcecode.swift; path = CoordinatorStoryBoardProtocol.swift; sourceTree = "<group>"; };
		55A5B48D24D3462F00F10070 /* Routing.swift */ = {isa = PBXFileReference; lastKnownFileType = sourcecode.swift; path = Routing.swift; sourceTree = "<group>"; };
		55A5B48F24D5A05B00F10070 /* CoordinatorRoutingProtcol.swift */ = {isa = PBXFileReference; lastKnownFileType = sourcecode.swift; path = CoordinatorRoutingProtcol.swift; sourceTree = "<group>"; };
		55A5B49524D67C9400F10070 /* MVVM-CTests.xctest */ = {isa = PBXFileReference; explicitFileType = wrapper.cfbundle; includeInIndex = 0; path = "MVVM-CTests.xctest"; sourceTree = BUILT_PRODUCTS_DIR; };
		55A5B49724D67C9400F10070 /* MVVM_CTests.swift */ = {isa = PBXFileReference; lastKnownFileType = sourcecode.swift; path = MVVM_CTests.swift; sourceTree = "<group>"; };
		55A5B49924D67C9400F10070 /* Info.plist */ = {isa = PBXFileReference; lastKnownFileType = text.plist.xml; path = Info.plist; sourceTree = "<group>"; };
		55A5B4A224D67CCD00F10070 /* CoordinatorTests.swift */ = {isa = PBXFileReference; lastKnownFileType = sourcecode.swift; path = CoordinatorTests.swift; sourceTree = "<group>"; };
		55A5B4A424D67D2B00F10070 /* NavigationControllerMock.swift */ = {isa = PBXFileReference; lastKnownFileType = sourcecode.swift; path = NavigationControllerMock.swift; sourceTree = "<group>"; };
		55A7F22024D7244A0058629E /* StoryBoardMock.swift */ = {isa = PBXFileReference; lastKnownFileType = sourcecode.swift; path = StoryBoardMock.swift; sourceTree = "<group>"; };
		55B69F2624BEDCAF00E99014 /* Destinations.swift */ = {isa = PBXFileReference; lastKnownFileType = sourcecode.swift; path = Destinations.swift; sourceTree = "<group>"; };
		55BE9A1824B2DBCB00B4FB3E /* JitsiMeet.framework */ = {isa = PBXFileReference; lastKnownFileType = wrapper.framework; name = JitsiMeet.framework; path = Pods/JitsiMeetSDK/Frameworks/JitsiMeet.framework; sourceTree = "<group>"; };
		55BE9A1924B2DBCB00B4FB3E /* WebRTC.framework */ = {isa = PBXFileReference; lastKnownFileType = wrapper.framework; name = WebRTC.framework; path = Pods/JitsiMeetSDK/Frameworks/WebRTC.framework; sourceTree = "<group>"; };
		55D3D917248D2D7D00A20926 /* GenericCollectionViewController.swift */ = {isa = PBXFileReference; fileEncoding = 4; lastKnownFileType = sourcecode.swift; path = GenericCollectionViewController.swift; sourceTree = "<group>"; };
		55D3D918248D2D7D00A20926 /* GenericTableViewController.swift */ = {isa = PBXFileReference; fileEncoding = 4; lastKnownFileType = sourcecode.swift; path = GenericTableViewController.swift; sourceTree = "<group>"; };
		55D3D91B248D2E4900A20926 /* GenericCustomCellModel.swift */ = {isa = PBXFileReference; fileEncoding = 4; lastKnownFileType = sourcecode.swift; path = GenericCustomCellModel.swift; sourceTree = "<group>"; };
		55D3D91E248D4C2B00A20926 /* Alert.swift */ = {isa = PBXFileReference; lastKnownFileType = sourcecode.swift; path = Alert.swift; sourceTree = "<group>"; };
		55D3D920248D568500A20926 /* NetworkReachability.swift */ = {isa = PBXFileReference; lastKnownFileType = sourcecode.swift; path = NetworkReachability.swift; sourceTree = "<group>"; };
		55D3D922248D5C5B00A20926 /* AnimateView.swift */ = {isa = PBXFileReference; lastKnownFileType = sourcecode.swift; path = AnimateView.swift; sourceTree = "<group>"; };
		55D3D924248E885200A20926 /* AppFont.swift */ = {isa = PBXFileReference; lastKnownFileType = sourcecode.swift; path = AppFont.swift; sourceTree = "<group>"; };
		55D3D926248E90CE00A20926 /* AppColors.swift */ = {isa = PBXFileReference; lastKnownFileType = sourcecode.swift; path = AppColors.swift; sourceTree = "<group>"; };
		55D3D928248F7B3200A20926 /* LoadingIndicator.swift */ = {isa = PBXFileReference; lastKnownFileType = sourcecode.swift; path = LoadingIndicator.swift; sourceTree = "<group>"; };
		55D3D92A248F7BFB00A20926 /* LoadingIndicator.xib */ = {isa = PBXFileReference; lastKnownFileType = file.xib; path = LoadingIndicator.xib; sourceTree = "<group>"; };
		55D3D92D248F7E4D00A20926 /* Designables.swift */ = {isa = PBXFileReference; lastKnownFileType = sourcecode.swift; path = Designables.swift; sourceTree = "<group>"; };
		55D3D92F2492762A00A20926 /* CustomPopup.swift */ = {isa = PBXFileReference; lastKnownFileType = sourcecode.swift; path = CustomPopup.swift; sourceTree = "<group>"; };
		55D3D9312492765200A20926 /* CustomPopup.xib */ = {isa = PBXFileReference; lastKnownFileType = file.xib; path = CustomPopup.xib; sourceTree = "<group>"; };
		57480A2BC63AC930D9FAB0B6 /* Pods-MVVM-C.debug.xcconfig */ = {isa = PBXFileReference; includeInIndex = 1; lastKnownFileType = text.xcconfig; name = "Pods-MVVM-C.debug.xcconfig"; path = "Target Support Files/Pods-MVVM-C/Pods-MVVM-C.debug.xcconfig"; sourceTree = "<group>"; };
		A25C0EED24DC747F00E13292 /* ViewControllerMock.swift */ = {isa = PBXFileReference; lastKnownFileType = sourcecode.swift; path = ViewControllerMock.swift; sourceTree = "<group>"; };
		A25C0EEF24DE6F5400E13292 /* WindowMock.swift */ = {isa = PBXFileReference; lastKnownFileType = sourcecode.swift; path = WindowMock.swift; sourceTree = "<group>"; };
		A25C0EF124DEC63200E13292 /* HomeDetailsViewController.swift */ = {isa = PBXFileReference; lastKnownFileType = sourcecode.swift; path = HomeDetailsViewController.swift; sourceTree = "<group>"; };
		A25C0EF324DED62100E13292 /* ForgotPasswordViewController.swift */ = {isa = PBXFileReference; lastKnownFileType = sourcecode.swift; path = ForgotPasswordViewController.swift; sourceTree = "<group>"; };
		A2AF841D24DFE64700BA174F /* UserDefaultsHelper.swift */ = {isa = PBXFileReference; lastKnownFileType = sourcecode.swift; path = UserDefaultsHelper.swift; sourceTree = "<group>"; };
		A44BF0B004CAF8BB8A7B142D /* Pods-MVVM-C.release.xcconfig */ = {isa = PBXFileReference; includeInIndex = 1; lastKnownFileType = text.xcconfig; name = "Pods-MVVM-C.release.xcconfig"; path = "Target Support Files/Pods-MVVM-C/Pods-MVVM-C.release.xcconfig"; sourceTree = "<group>"; };
		CCD8ACB46A907F9118D1DB56 /* Pods_MVVM_C.framework */ = {isa = PBXFileReference; explicitFileType = wrapper.framework; includeInIndex = 0; path = Pods_MVVM_C.framework; sourceTree = BUILT_PRODUCTS_DIR; };
		DE72787014134C5EFB5D1DE9 /* Pods-MVVM-CTests.release.xcconfig */ = {isa = PBXFileReference; includeInIndex = 1; lastKnownFileType = text.xcconfig; name = "Pods-MVVM-CTests.release.xcconfig"; path = "Target Support Files/Pods-MVVM-CTests/Pods-MVVM-CTests.release.xcconfig"; sourceTree = "<group>"; };
		F581B42A9313ED0609FD1B3E /* Pods_MVVM_CTests.framework */ = {isa = PBXFileReference; explicitFileType = wrapper.framework; includeInIndex = 0; path = Pods_MVVM_CTests.framework; sourceTree = BUILT_PRODUCTS_DIR; };
/* End PBXFileReference section */

/* Begin PBXFrameworksBuildPhase section */
		5537C174248CBE9B00367F0C /* Frameworks */ = {
			isa = PBXFrameworksBuildPhase;
			buildActionMask = 2147483647;
			files = (
				4EAA109FC289B82DB9AB6BF4 /* Pods_MVVM_C.framework in Frameworks */,
			);
			runOnlyForDeploymentPostprocessing = 0;
		};
		55A5B49224D67C9400F10070 /* Frameworks */ = {
			isa = PBXFrameworksBuildPhase;
			buildActionMask = 2147483647;
			files = (
				FF4331B0A250246448C494A7 /* Pods_MVVM_CTests.framework in Frameworks */,
			);
			runOnlyForDeploymentPostprocessing = 0;
		};
/* End PBXFrameworksBuildPhase section */

/* Begin PBXGroup section */
		42519FE7D64D4AFAE49E2580 /* Frameworks */ = {
			isa = PBXGroup;
			children = (
				55BE9A1824B2DBCB00B4FB3E /* JitsiMeet.framework */,
				55BE9A1924B2DBCB00B4FB3E /* WebRTC.framework */,
				CCD8ACB46A907F9118D1DB56 /* Pods_MVVM_C.framework */,
				F581B42A9313ED0609FD1B3E /* Pods_MVVM_CTests.framework */,
			);
			name = Frameworks;
			sourceTree = "<group>";
		};
		5514FA8F2495F9DF00AF78B2 /* Storyboards */ = {
			isa = PBXGroup;
			children = (
				5537C185248CBE9C00367F0C /* LaunchScreen.storyboard */,
				5514FAF024A841A500AF78B2 /* TabBar.storyboard */,
				5514FAF224A8425700AF78B2 /* Login.storyboard */,
			);
			path = Storyboards;
			sourceTree = "<group>";
		};
		5514FAE524A78F9200AF78B2 /* TableViewCustomCells */ = {
			isa = PBXGroup;
			children = (
			);
			path = TableViewCustomCells;
			sourceTree = "<group>";
		};
		5514FAE624A7907900AF78B2 /* CollectionViewCustomCells */ = {
			isa = PBXGroup;
			children = (
			);
			path = CollectionViewCustomCells;
			sourceTree = "<group>";
		};
		5514FAED24A795D800AF78B2 /* Extensions */ = {
			isa = PBXGroup;
			children = (
				5514FAEE24A795E800AF78B2 /* UINavigationBarExtensions.swift */,
				5548F86224D7C6FE009BFCFB /* UITabBarItemExtensions.swift */,
				5548F86424D7C747009BFCFB /* ViewControllerExtensions.swift */,
				5548F86624D7C77E009BFCFB /* UIWindowExtensions.swift */,
				5548F86824D7C7D5009BFCFB /* UILabelExtensions.swift */,
				5548F86A24D7C821009BFCFB /* StringExtensions.swift */,
				5548F86C24D7C856009BFCFB /* UISegmentControlExtensions.swift */,
				5548F86E24D7C88A009BFCFB /* UITabBarExtensions.swift */,
			);
			path = Extensions;
			sourceTree = "<group>";
		};
		5514FAF624A8607100AF78B2 /* TabBar */ = {
			isa = PBXGroup;
			children = (
				5514FAF424A8599800AF78B2 /* TabBarController.swift */,
				5514FAF724A8609E00AF78B2 /* HomeViewController.swift */,
				5514FAF924A860BF00AF78B2 /* ProfileViewController.swift */,
				A25C0EF124DEC63200E13292 /* HomeDetailsViewController.swift */,
			);
			path = TabBar;
			sourceTree = "<group>";
		};
		5514FB0124A8613600AF78B2 /* GenericCollections */ = {
			isa = PBXGroup;
			children = (
				55D3D918248D2D7D00A20926 /* GenericTableViewController.swift */,
				55D3D917248D2D7D00A20926 /* GenericCollectionViewController.swift */,
			);
			path = GenericCollections;
			sourceTree = "<group>";
		};
		5537C16E248CBE9B00367F0C = {
			isa = PBXGroup;
			children = (
				5537C179248CBE9B00367F0C /* MVVM-C */,
				55A5B49624D67C9400F10070 /* MVVM-CTests */,
				5537C178248CBE9B00367F0C /* Products */,
				5D60A8D33046FB24FAB223C8 /* Pods */,
				42519FE7D64D4AFAE49E2580 /* Frameworks */,
			);
			sourceTree = "<group>";
		};
		5537C178248CBE9B00367F0C /* Products */ = {
			isa = PBXGroup;
			children = (
				5537C177248CBE9B00367F0C /* MVVM-C.app */,
				55A5B49524D67C9400F10070 /* MVVM-CTests.xctest */,
			);
			name = Products;
			sourceTree = "<group>";
		};
		5537C179248CBE9B00367F0C /* MVVM-C */ = {
			isa = PBXGroup;
			children = (
				A2AF841C24DFE62F00BA174F /* HelperClasses */,
				5514FAED24A795D800AF78B2 /* Extensions */,
				5514FA8F2495F9DF00AF78B2 /* Storyboards */,
				55D3D92C248F7E2300A20926 /* Designables */,
				55D3D91D248D4B3900A20926 /* GlobalComponents */,
				5537C19C248D079B00367F0C /* Coordinator */,
				5537C195248CC8A600367F0C /* Security */,
				5537C192248CC35500367F0C /* NetworkClient */,
				5537C191248CC34300367F0C /* Environment */,
				5537C190248CC32800367F0C /* View */,
				5537C18F248CC31C00367F0C /* ViewModel */,
				5537C18E248CC31200367F0C /* Model */,
				5537C17A248CBE9B00367F0C /* AppDelegate.swift */,
				5537C17C248CBE9B00367F0C /* SceneDelegate.swift */,
				5537C183248CBE9C00367F0C /* Assets.xcassets */,
				5537C188248CBE9C00367F0C /* Info.plist */,
			);
			path = "MVVM-C";
			sourceTree = "<group>";
		};
		5537C18E248CC31200367F0C /* Model */ = {
			isa = PBXGroup;
			children = (
				55D3D91B248D2E4900A20926 /* GenericCustomCellModel.swift */,
			);
			path = Model;
			sourceTree = "<group>";
		};
		5537C18F248CC31C00367F0C /* ViewModel */ = {
			isa = PBXGroup;
			children = (
				5514FA902495FBC100AF78B2 /* LoginViewModel.swift */,
			);
			path = ViewModel;
			sourceTree = "<group>";
		};
		5537C190248CC32800367F0C /* View */ = {
			isa = PBXGroup;
			children = (
				554482A724AEF9320032E210 /* TableViewHeader */,
				554482A624AB80A70032E210 /* Login */,
				5514FB0124A8613600AF78B2 /* GenericCollections */,
				5514FAF624A8607100AF78B2 /* TabBar */,
				5514FAE624A7907900AF78B2 /* CollectionViewCustomCells */,
				5514FAE524A78F9200AF78B2 /* TableViewCustomCells */,
			);
			path = View;
			sourceTree = "<group>";
		};
		5537C191248CC34300367F0C /* Environment */ = {
			isa = PBXGroup;
			children = (
				5537C1A3248D092A00367F0C /* Environment.swift */,
				5537C1A5248D096300367F0C /* Release.xcconfig */,
				5537C1A6248D09A300367F0C /* Debug.xcconfig */,
			);
			path = Environment;
			sourceTree = "<group>";
		};
		5537C192248CC35500367F0C /* NetworkClient */ = {
			isa = PBXGroup;
			children = (
				5537C196248D06E600367F0C /* NetworkClient.swift */,
				5537C198248D06E600367F0C /* NetworkEndPoint.swift */,
				55D3D920248D568500A20926 /* NetworkReachability.swift */,
			);
			path = NetworkClient;
			sourceTree = "<group>";
		};
		5537C195248CC8A600367F0C /* Security */ = {
			isa = PBXGroup;
			children = (
				5537C197248D06E600367F0C /* SSLPinning.swift */,
				5537C19F248D085D00367F0C /* JailBrokeCheck.swift */,
				5537C1A1248D088900367F0C /* Keychain.swift */,
			);
			path = Security;
			sourceTree = "<group>";
		};
		5537C19C248D079B00367F0C /* Coordinator */ = {
			isa = PBXGroup;
			children = (
				5548F87024D7C944009BFCFB /* CoordinatorProtocols */,
				55A5B49F24D67CA000F10070 /* CoordinatorTests */,
				5537C19D248D07D000367F0C /* Coordinator.swift */,
				55B69F2624BEDCAF00E99014 /* Destinations.swift */,
				55A5B48D24D3462F00F10070 /* Routing.swift */,
			);
			path = Coordinator;
			sourceTree = "<group>";
		};
		554482A624AB80A70032E210 /* Login */ = {
			isa = PBXGroup;
			children = (
				5514FA8724948CE000AF78B2 /* LoginViewController.swift */,
				5514FA8924948CFB00AF78B2 /* SignupViewController.swift */,
				5533483724A9B42100DFD13E /* LaunchViewController.swift */,
				A25C0EF324DED62100E13292 /* ForgotPasswordViewController.swift */,
			);
			path = Login;
			sourceTree = "<group>";
		};
		554482A724AEF9320032E210 /* TableViewHeader */ = {
			isa = PBXGroup;
			children = (
				554482A824AEF96F0032E210 /* SectionHeaderView.swift */,
				554482AA24AEF9880032E210 /* SectionHeaderView.xib */,
			);
			path = TableViewHeader;
			sourceTree = "<group>";
		};
		5548F87024D7C944009BFCFB /* CoordinatorProtocols */ = {
			isa = PBXGroup;
			children = (
				5548F87124D7C977009BFCFB /* CoordinatorNavigationProtocol.swift */,
				5548F87324D7C9B3009BFCFB /* CoordinatorViewControllerProtocol.swift */,
				55A5B48B24D3460E00F10070 /* CoordinatorStoryBoardProtocol.swift */,
				5548F87524D7C9FA009BFCFB /* CoordinatorStoryBoardSegueProtocol.swift */,
				5548F87724D7CA3D009BFCFB /* CoordinatorWindowProtocol.swift */,
				55A5B48F24D5A05B00F10070 /* CoordinatorRoutingProtcol.swift */,
			);
			path = CoordinatorProtocols;
			sourceTree = "<group>";
		};
		55A5B49624D67C9400F10070 /* MVVM-CTests */ = {
			isa = PBXGroup;
			children = (
				55A5B49724D67C9400F10070 /* MVVM_CTests.swift */,
				55A5B49924D67C9400F10070 /* Info.plist */,
			);
			path = "MVVM-CTests";
			sourceTree = "<group>";
		};
		55A5B49F24D67CA000F10070 /* CoordinatorTests */ = {
			isa = PBXGroup;
			children = (
				55A5B4A224D67CCD00F10070 /* CoordinatorTests.swift */,
				55A5B4A424D67D2B00F10070 /* NavigationControllerMock.swift */,
				55A7F22024D7244A0058629E /* StoryBoardMock.swift */,
				A25C0EED24DC747F00E13292 /* ViewControllerMock.swift */,
				A25C0EEF24DE6F5400E13292 /* WindowMock.swift */,
			);
			path = CoordinatorTests;
			sourceTree = "<group>";
		};
		55D3D91D248D4B3900A20926 /* GlobalComponents */ = {
			isa = PBXGroup;
			children = (
				55D3D91E248D4C2B00A20926 /* Alert.swift */,
				55D3D924248E885200A20926 /* AppFont.swift */,
				55D3D926248E90CE00A20926 /* AppColors.swift */,
				5514FA8B2494980E00AF78B2 /* Nib.swift */,
				55D3D922248D5C5B00A20926 /* AnimateView.swift */,
				55D3D928248F7B3200A20926 /* LoadingIndicator.swift */,
				55D3D92A248F7BFB00A20926 /* LoadingIndicator.xib */,
				55D3D92F2492762A00A20926 /* CustomPopup.swift */,
				55D3D9312492765200A20926 /* CustomPopup.xib */,
			);
			path = GlobalComponents;
			sourceTree = "<group>";
		};
		55D3D92C248F7E2300A20926 /* Designables */ = {
			isa = PBXGroup;
			children = (
				55D3D92D248F7E4D00A20926 /* Designables.swift */,
			);
			path = Designables;
			sourceTree = "<group>";
		};
		5D60A8D33046FB24FAB223C8 /* Pods */ = {
			isa = PBXGroup;
			children = (
				57480A2BC63AC930D9FAB0B6 /* Pods-MVVM-C.debug.xcconfig */,
				A44BF0B004CAF8BB8A7B142D /* Pods-MVVM-C.release.xcconfig */,
				546BDC8E42FE5EBF49108453 /* Pods-MVVM-CTests.debug.xcconfig */,
				DE72787014134C5EFB5D1DE9 /* Pods-MVVM-CTests.release.xcconfig */,
			);
			path = Pods;
			sourceTree = "<group>";
		};
		A2AF841C24DFE62F00BA174F /* HelperClasses */ = {
			isa = PBXGroup;
			children = (
				A2AF841D24DFE64700BA174F /* UserDefaultsHelper.swift */,
			);
			path = HelperClasses;
			sourceTree = "<group>";
		};
/* End PBXGroup section */

/* Begin PBXNativeTarget section */
		5537C176248CBE9B00367F0C /* MVVM-C */ = {
			isa = PBXNativeTarget;
			buildConfigurationList = 5537C18B248CBE9C00367F0C /* Build configuration list for PBXNativeTarget "MVVM-C" */;
			buildPhases = (
				D0662E61E363BA951ED8B1A3 /* [CP] Check Pods Manifest.lock */,
				5537C173248CBE9B00367F0C /* Sources */,
				5537C174248CBE9B00367F0C /* Frameworks */,
				5537C175248CBE9B00367F0C /* Resources */,
				65392F31385850EB87D239DE /* [CP] Embed Pods Frameworks */,
			);
			buildRules = (
			);
			dependencies = (
			);
			name = "MVVM-C";
			productName = LasoCare;
			productReference = 5537C177248CBE9B00367F0C /* MVVM-C.app */;
			productType = "com.apple.product-type.application";
		};
		55A5B49424D67C9400F10070 /* MVVM-CTests */ = {
			isa = PBXNativeTarget;
			buildConfigurationList = 55A5B49E24D67C9400F10070 /* Build configuration list for PBXNativeTarget "MVVM-CTests" */;
			buildPhases = (
				0A266FA1EBD973110303CC62 /* [CP] Check Pods Manifest.lock */,
				55A5B49124D67C9400F10070 /* Sources */,
				55A5B49224D67C9400F10070 /* Frameworks */,
				55A5B49324D67C9400F10070 /* Resources */,
			);
			buildRules = (
			);
			dependencies = (
				55A5B49B24D67C9400F10070 /* PBXTargetDependency */,
			);
			name = "MVVM-CTests";
			productName = LasoCareTests;
			productReference = 55A5B49524D67C9400F10070 /* MVVM-CTests.xctest */;
			productType = "com.apple.product-type.bundle.unit-test";
		};
/* End PBXNativeTarget section */

/* Begin PBXProject section */
		5537C16F248CBE9B00367F0C /* Project object */ = {
			isa = PBXProject;
			attributes = {
				LastSwiftUpdateCheck = 1150;
				LastUpgradeCheck = 1130;
				ORGANIZATIONNAME = RC_Private.com;
				TargetAttributes = {
					5537C176248CBE9B00367F0C = {
						CreatedOnToolsVersion = 11.3.1;
					};
					55A5B49424D67C9400F10070 = {
						CreatedOnToolsVersion = 11.5;
						TestTargetID = 5537C176248CBE9B00367F0C;
					};
				};
			};
			buildConfigurationList = 5537C172248CBE9B00367F0C /* Build configuration list for PBXProject "MVVM-C" */;
			compatibilityVersion = "Xcode 9.3";
			developmentRegion = en;
			hasScannedForEncodings = 0;
			knownRegions = (
				en,
				Base,
			);
			mainGroup = 5537C16E248CBE9B00367F0C;
			productRefGroup = 5537C178248CBE9B00367F0C /* Products */;
			projectDirPath = "";
			projectRoot = "";
			targets = (
				5537C176248CBE9B00367F0C /* MVVM-C */,
				55A5B49424D67C9400F10070 /* MVVM-CTests */,
			);
		};
/* End PBXProject section */

/* Begin PBXResourcesBuildPhase section */
		5537C175248CBE9B00367F0C /* Resources */ = {
			isa = PBXResourcesBuildPhase;
			buildActionMask = 2147483647;
			files = (
				554482AB24AEF9880032E210 /* SectionHeaderView.xib in Resources */,
				55D3D9322492765200A20926 /* CustomPopup.xib in Resources */,
				55D3D92B248F7BFB00A20926 /* LoadingIndicator.xib in Resources */,
				5514FAF324A8425700AF78B2 /* Login.storyboard in Resources */,
				5537C187248CBE9C00367F0C /* LaunchScreen.storyboard in Resources */,
				5537C184248CBE9C00367F0C /* Assets.xcassets in Resources */,
				5514FAF124A841A500AF78B2 /* TabBar.storyboard in Resources */,
			);
			runOnlyForDeploymentPostprocessing = 0;
		};
		55A5B49324D67C9400F10070 /* Resources */ = {
			isa = PBXResourcesBuildPhase;
			buildActionMask = 2147483647;
			files = (
			);
			runOnlyForDeploymentPostprocessing = 0;
		};
/* End PBXResourcesBuildPhase section */

/* Begin PBXShellScriptBuildPhase section */
		0A266FA1EBD973110303CC62 /* [CP] Check Pods Manifest.lock */ = {
			isa = PBXShellScriptBuildPhase;
			buildActionMask = 2147483647;
			files = (
			);
			inputFileListPaths = (
			);
			inputPaths = (
				"${PODS_PODFILE_DIR_PATH}/Podfile.lock",
				"${PODS_ROOT}/Manifest.lock",
			);
			name = "[CP] Check Pods Manifest.lock";
			outputFileListPaths = (
			);
			outputPaths = (
				"$(DERIVED_FILE_DIR)/Pods-MVVM-CTests-checkManifestLockResult.txt",
			);
			runOnlyForDeploymentPostprocessing = 0;
			shellPath = /bin/sh;
			shellScript = "diff \"${PODS_PODFILE_DIR_PATH}/Podfile.lock\" \"${PODS_ROOT}/Manifest.lock\" > /dev/null\nif [ $? != 0 ] ; then\n    # print error to STDERR\n    echo \"error: The sandbox is not in sync with the Podfile.lock. Run 'pod install' or update your CocoaPods installation.\" >&2\n    exit 1\nfi\n# This output is used by Xcode 'outputs' to avoid re-running this script phase.\necho \"SUCCESS\" > \"${SCRIPT_OUTPUT_FILE_0}\"\n";
			showEnvVarsInLog = 0;
		};
		65392F31385850EB87D239DE /* [CP] Embed Pods Frameworks */ = {
			isa = PBXShellScriptBuildPhase;
			buildActionMask = 2147483647;
			files = (
			);
			inputFileListPaths = (
				"${PODS_ROOT}/Target Support Files/Pods-MVVM-C/Pods-MVVM-C-frameworks-${CONFIGURATION}-input-files.xcfilelist",
			);
			name = "[CP] Embed Pods Frameworks";
			outputFileListPaths = (
				"${PODS_ROOT}/Target Support Files/Pods-MVVM-C/Pods-MVVM-C-frameworks-${CONFIGURATION}-output-files.xcfilelist",
			);
			runOnlyForDeploymentPostprocessing = 0;
			shellPath = /bin/sh;
			shellScript = "\"${PODS_ROOT}/Target Support Files/Pods-MVVM-C/Pods-MVVM-C-frameworks.sh\"\n";
			showEnvVarsInLog = 0;
		};
		D0662E61E363BA951ED8B1A3 /* [CP] Check Pods Manifest.lock */ = {
			isa = PBXShellScriptBuildPhase;
			buildActionMask = 2147483647;
			files = (
			);
			inputFileListPaths = (
			);
			inputPaths = (
				"${PODS_PODFILE_DIR_PATH}/Podfile.lock",
				"${PODS_ROOT}/Manifest.lock",
			);
			name = "[CP] Check Pods Manifest.lock";
			outputFileListPaths = (
			);
			outputPaths = (
				"$(DERIVED_FILE_DIR)/Pods-MVVM-C-checkManifestLockResult.txt",
			);
			runOnlyForDeploymentPostprocessing = 0;
			shellPath = /bin/sh;
			shellScript = "diff \"${PODS_PODFILE_DIR_PATH}/Podfile.lock\" \"${PODS_ROOT}/Manifest.lock\" > /dev/null\nif [ $? != 0 ] ; then\n    # print error to STDERR\n    echo \"error: The sandbox is not in sync with the Podfile.lock. Run 'pod install' or update your CocoaPods installation.\" >&2\n    exit 1\nfi\n# This output is used by Xcode 'outputs' to avoid re-running this script phase.\necho \"SUCCESS\" > \"${SCRIPT_OUTPUT_FILE_0}\"\n";
			showEnvVarsInLog = 0;
		};
/* End PBXShellScriptBuildPhase section */

/* Begin PBXSourcesBuildPhase section */
		5537C173248CBE9B00367F0C /* Sources */ = {
			isa = PBXSourcesBuildPhase;
			buildActionMask = 2147483647;
			files = (
				5537C1A0248D085D00367F0C /* JailBrokeCheck.swift in Sources */,
				55D3D92E248F7E4D00A20926 /* Designables.swift in Sources */,
				5548F86D24D7C856009BFCFB /* UISegmentControlExtensions.swift in Sources */,
				A25C0EF424DED62100E13292 /* ForgotPasswordViewController.swift in Sources */,
				55A5B49024D5A05B00F10070 /* CoordinatorRoutingProtcol.swift in Sources */,
				5548F87224D7C977009BFCFB /* CoordinatorNavigationProtocol.swift in Sources */,
				55A5B48E24D3463000F10070 /* Routing.swift in Sources */,
				5548F86324D7C6FE009BFCFB /* UITabBarItemExtensions.swift in Sources */,
				554482A924AEF96F0032E210 /* SectionHeaderView.swift in Sources */,
				5548F87424D7C9B3009BFCFB /* CoordinatorViewControllerProtocol.swift in Sources */,
				55D3D91C248D2E4900A20926 /* GenericCustomCellModel.swift in Sources */,
				5548F87624D7C9FA009BFCFB /* CoordinatorStoryBoardSegueProtocol.swift in Sources */,
				5514FAF824A8609E00AF78B2 /* HomeViewController.swift in Sources */,
				5537C19A248D06E600367F0C /* SSLPinning.swift in Sources */,
				55B69F2724BEDCAF00E99014 /* Destinations.swift in Sources */,
				5548F86B24D7C821009BFCFB /* StringExtensions.swift in Sources */,
				5537C17B248CBE9B00367F0C /* AppDelegate.swift in Sources */,
				5537C19B248D06E600367F0C /* NetworkEndPoint.swift in Sources */,
				55D3D923248D5C5B00A20926 /* AnimateView.swift in Sources */,
				55D3D91F248D4C2B00A20926 /* Alert.swift in Sources */,
				5537C1A2248D088900367F0C /* Keychain.swift in Sources */,
				5514FA8824948CE000AF78B2 /* LoginViewController.swift in Sources */,
				55D3D927248E90CE00A20926 /* AppColors.swift in Sources */,
				5548F87824D7CA3D009BFCFB /* CoordinatorWindowProtocol.swift in Sources */,
				55D3D921248D568500A20926 /* NetworkReachability.swift in Sources */,
				5514FA912495FBC100AF78B2 /* LoginViewModel.swift in Sources */,
				5548F86F24D7C88A009BFCFB /* UITabBarExtensions.swift in Sources */,
				5514FA8C2494980E00AF78B2 /* Nib.swift in Sources */,
				5537C199248D06E600367F0C /* NetworkClient.swift in Sources */,
				5537C17D248CBE9B00367F0C /* SceneDelegate.swift in Sources */,
				5537C19E248D07D000367F0C /* Coordinator.swift in Sources */,
				55D3D925248E885200A20926 /* AppFont.swift in Sources */,
				5537C1A4248D092A00367F0C /* Environment.swift in Sources */,
				5514FAFA24A860BF00AF78B2 /* ProfileViewController.swift in Sources */,
				55D3D9302492762A00A20926 /* CustomPopup.swift in Sources */,
				5533483824A9B42100DFD13E /* LaunchViewController.swift in Sources */,
				5514FAF524A8599800AF78B2 /* TabBarController.swift in Sources */,
				A25C0EF224DEC63200E13292 /* HomeDetailsViewController.swift in Sources */,
				55D3D91A248D2D7E00A20926 /* GenericTableViewController.swift in Sources */,
				5548F86524D7C747009BFCFB /* ViewControllerExtensions.swift in Sources */,
				55D3D929248F7B3200A20926 /* LoadingIndicator.swift in Sources */,
				5548F86924D7C7D5009BFCFB /* UILabelExtensions.swift in Sources */,
				A2AF841E24DFE64700BA174F /* UserDefaultsHelper.swift in Sources */,
				5548F86724D7C77E009BFCFB /* UIWindowExtensions.swift in Sources */,
				55A5B48C24D3460E00F10070 /* CoordinatorStoryBoardProtocol.swift in Sources */,
				5514FA8A24948CFB00AF78B2 /* SignupViewController.swift in Sources */,
				55D3D919248D2D7E00A20926 /* GenericCollectionViewController.swift in Sources */,
				5514FAEF24A795E800AF78B2 /* UINavigationBarExtensions.swift in Sources */,
			);
			runOnlyForDeploymentPostprocessing = 0;
		};
		55A5B49124D67C9400F10070 /* Sources */ = {
			isa = PBXSourcesBuildPhase;
			buildActionMask = 2147483647;
			files = (
				55A5B4A324D67CCD00F10070 /* CoordinatorTests.swift in Sources */,
				55A5B49824D67C9400F10070 /* MVVM_CTests.swift in Sources */,
				55A5B4A524D67D2B00F10070 /* NavigationControllerMock.swift in Sources */,
				A25C0EEE24DC747F00E13292 /* ViewControllerMock.swift in Sources */,
				55A7F22124D7244A0058629E /* StoryBoardMock.swift in Sources */,
				A25C0EF024DE6F5400E13292 /* WindowMock.swift in Sources */,
			);
			runOnlyForDeploymentPostprocessing = 0;
		};
/* End PBXSourcesBuildPhase section */

/* Begin PBXTargetDependency section */
		55A5B49B24D67C9400F10070 /* PBXTargetDependency */ = {
			isa = PBXTargetDependency;
			target = 5537C176248CBE9B00367F0C /* MVVM-C */;
			targetProxy = 55A5B49A24D67C9400F10070 /* PBXContainerItemProxy */;
		};
/* End PBXTargetDependency section */

/* Begin PBXVariantGroup section */
		5537C185248CBE9C00367F0C /* LaunchScreen.storyboard */ = {
			isa = PBXVariantGroup;
			children = (
				5537C186248CBE9C00367F0C /* Base */,
			);
			name = LaunchScreen.storyboard;
			sourceTree = "<group>";
		};
/* End PBXVariantGroup section */

/* Begin XCBuildConfiguration section */
		5537C189248CBE9C00367F0C /* Debug */ = {
			isa = XCBuildConfiguration;
			baseConfigurationReference = 5537C1A6248D09A300367F0C /* Debug.xcconfig */;
			buildSettings = {
				ALWAYS_SEARCH_USER_PATHS = NO;
				CLANG_ANALYZER_NONNULL = YES;
				CLANG_ANALYZER_NUMBER_OBJECT_CONVERSION = YES_AGGRESSIVE;
				CLANG_CXX_LANGUAGE_STANDARD = "gnu++14";
				CLANG_CXX_LIBRARY = "libc++";
				CLANG_ENABLE_MODULES = YES;
				CLANG_ENABLE_OBJC_ARC = YES;
				CLANG_ENABLE_OBJC_WEAK = YES;
				CLANG_WARN_BLOCK_CAPTURE_AUTORELEASING = YES;
				CLANG_WARN_BOOL_CONVERSION = YES;
				CLANG_WARN_COMMA = YES;
				CLANG_WARN_CONSTANT_CONVERSION = YES;
				CLANG_WARN_DEPRECATED_OBJC_IMPLEMENTATIONS = YES;
				CLANG_WARN_DIRECT_OBJC_ISA_USAGE = YES_ERROR;
				CLANG_WARN_DOCUMENTATION_COMMENTS = YES;
				CLANG_WARN_EMPTY_BODY = YES;
				CLANG_WARN_ENUM_CONVERSION = YES;
				CLANG_WARN_INFINITE_RECURSION = YES;
				CLANG_WARN_INT_CONVERSION = YES;
				CLANG_WARN_NON_LITERAL_NULL_CONVERSION = YES;
				CLANG_WARN_OBJC_IMPLICIT_RETAIN_SELF = YES;
				CLANG_WARN_OBJC_LITERAL_CONVERSION = YES;
				CLANG_WARN_OBJC_ROOT_CLASS = YES_ERROR;
				CLANG_WARN_RANGE_LOOP_ANALYSIS = YES;
				CLANG_WARN_STRICT_PROTOTYPES = YES;
				CLANG_WARN_SUSPICIOUS_MOVE = YES;
				CLANG_WARN_UNGUARDED_AVAILABILITY = YES_AGGRESSIVE;
				CLANG_WARN_UNREACHABLE_CODE = YES;
				CLANG_WARN__DUPLICATE_METHOD_MATCH = YES;
				COPY_PHASE_STRIP = NO;
				DEBUG_INFORMATION_FORMAT = dwarf;
				ENABLE_STRICT_OBJC_MSGSEND = YES;
				ENABLE_TESTABILITY = YES;
				GCC_C_LANGUAGE_STANDARD = gnu11;
				GCC_DYNAMIC_NO_PIC = NO;
				GCC_NO_COMMON_BLOCKS = YES;
				GCC_OPTIMIZATION_LEVEL = 0;
				GCC_PREPROCESSOR_DEFINITIONS = (
					"DEBUG=1",
					"$(inherited)",
				);
				GCC_WARN_64_TO_32_BIT_CONVERSION = YES;
				GCC_WARN_ABOUT_RETURN_TYPE = YES_ERROR;
				GCC_WARN_UNDECLARED_SELECTOR = YES;
				GCC_WARN_UNINITIALIZED_AUTOS = YES_AGGRESSIVE;
				GCC_WARN_UNUSED_FUNCTION = YES;
				GCC_WARN_UNUSED_VARIABLE = YES;
				IPHONEOS_DEPLOYMENT_TARGET = 13.2;
				MTL_ENABLE_DEBUG_INFO = INCLUDE_SOURCE;
				MTL_FAST_MATH = YES;
				ONLY_ACTIVE_ARCH = YES;
				PRODUCT_NAME = "MVVM-C";
				SDKROOT = iphoneos;
				SWIFT_ACTIVE_COMPILATION_CONDITIONS = DEBUG;
				SWIFT_OPTIMIZATION_LEVEL = "-Onone";
			};
			name = Debug;
		};
		5537C18A248CBE9C00367F0C /* Release */ = {
			isa = XCBuildConfiguration;
			baseConfigurationReference = 5537C1A5248D096300367F0C /* Release.xcconfig */;
			buildSettings = {
				ALWAYS_SEARCH_USER_PATHS = NO;
				CLANG_ANALYZER_NONNULL = YES;
				CLANG_ANALYZER_NUMBER_OBJECT_CONVERSION = YES_AGGRESSIVE;
				CLANG_CXX_LANGUAGE_STANDARD = "gnu++14";
				CLANG_CXX_LIBRARY = "libc++";
				CLANG_ENABLE_MODULES = YES;
				CLANG_ENABLE_OBJC_ARC = YES;
				CLANG_ENABLE_OBJC_WEAK = YES;
				CLANG_WARN_BLOCK_CAPTURE_AUTORELEASING = YES;
				CLANG_WARN_BOOL_CONVERSION = YES;
				CLANG_WARN_COMMA = YES;
				CLANG_WARN_CONSTANT_CONVERSION = YES;
				CLANG_WARN_DEPRECATED_OBJC_IMPLEMENTATIONS = YES;
				CLANG_WARN_DIRECT_OBJC_ISA_USAGE = YES_ERROR;
				CLANG_WARN_DOCUMENTATION_COMMENTS = YES;
				CLANG_WARN_EMPTY_BODY = YES;
				CLANG_WARN_ENUM_CONVERSION = YES;
				CLANG_WARN_INFINITE_RECURSION = YES;
				CLANG_WARN_INT_CONVERSION = YES;
				CLANG_WARN_NON_LITERAL_NULL_CONVERSION = YES;
				CLANG_WARN_OBJC_IMPLICIT_RETAIN_SELF = YES;
				CLANG_WARN_OBJC_LITERAL_CONVERSION = YES;
				CLANG_WARN_OBJC_ROOT_CLASS = YES_ERROR;
				CLANG_WARN_RANGE_LOOP_ANALYSIS = YES;
				CLANG_WARN_STRICT_PROTOTYPES = YES;
				CLANG_WARN_SUSPICIOUS_MOVE = YES;
				CLANG_WARN_UNGUARDED_AVAILABILITY = YES_AGGRESSIVE;
				CLANG_WARN_UNREACHABLE_CODE = YES;
				CLANG_WARN__DUPLICATE_METHOD_MATCH = YES;
				COPY_PHASE_STRIP = NO;
				DEBUG_INFORMATION_FORMAT = "dwarf-with-dsym";
				ENABLE_NS_ASSERTIONS = NO;
				ENABLE_STRICT_OBJC_MSGSEND = YES;
				GCC_C_LANGUAGE_STANDARD = gnu11;
				GCC_NO_COMMON_BLOCKS = YES;
				GCC_WARN_64_TO_32_BIT_CONVERSION = YES;
				GCC_WARN_ABOUT_RETURN_TYPE = YES_ERROR;
				GCC_WARN_UNDECLARED_SELECTOR = YES;
				GCC_WARN_UNINITIALIZED_AUTOS = YES_AGGRESSIVE;
				GCC_WARN_UNUSED_FUNCTION = YES;
				GCC_WARN_UNUSED_VARIABLE = YES;
				IPHONEOS_DEPLOYMENT_TARGET = 13.2;
				MTL_ENABLE_DEBUG_INFO = NO;
				MTL_FAST_MATH = YES;
				PRODUCT_NAME = "MVVM-C";
				SDKROOT = iphoneos;
				SWIFT_COMPILATION_MODE = wholemodule;
				SWIFT_OPTIMIZATION_LEVEL = "-O";
				VALIDATE_PRODUCT = YES;
			};
			name = Release;
		};
		5537C18C248CBE9C00367F0C /* Debug */ = {
			isa = XCBuildConfiguration;
			baseConfigurationReference = 5537C1A6248D09A300367F0C /* Debug.xcconfig */;
			buildSettings = {
				ASSETCATALOG_COMPILER_APPICON_NAME = AppIcon;
				CODE_SIGN_STYLE = Automatic;
				FRAMEWORK_SEARCH_PATHS = (
					"$(inherited)",
					"$(PROJECT_DIR)/Pods/JitsiMeetSDK/Frameworks",
				);
				INFOPLIST_FILE = "$(SRCROOT)/MVVM-C/Info.plist";
				LD_RUNPATH_SEARCH_PATHS = (
					"$(inherited)",
					"@executable_path/Frameworks",
				);
				PRODUCT_BUNDLE_IDENTIFIER = "RCGroup.MVVM-C";
				PRODUCT_NAME = "MVVM-C";
				SWIFT_VERSION = 5.0;
				TARGETED_DEVICE_FAMILY = "1,2";
			};
			name = Debug;
		};
		5537C18D248CBE9C00367F0C /* Release */ = {
			isa = XCBuildConfiguration;
			baseConfigurationReference = 5537C1A5248D096300367F0C /* Release.xcconfig */;
			buildSettings = {
				ASSETCATALOG_COMPILER_APPICON_NAME = AppIcon;
				CODE_SIGN_STYLE = Automatic;
				FRAMEWORK_SEARCH_PATHS = (
					"$(inherited)",
					"$(PROJECT_DIR)/Pods/JitsiMeetSDK/Frameworks",
				);
				INFOPLIST_FILE = "$(SRCROOT)/MVVM-C/Info.plist";
				LD_RUNPATH_SEARCH_PATHS = (
					"$(inherited)",
					"@executable_path/Frameworks",
				);
				PRODUCT_BUNDLE_IDENTIFIER = "RCGroup.MVVM-C";
				PRODUCT_NAME = "MVVM-C";
				SWIFT_VERSION = 5.0;
				TARGETED_DEVICE_FAMILY = "1,2";
			};
			name = Release;
		};
		55A5B49C24D67C9400F10070 /* Debug */ = {
			isa = XCBuildConfiguration;
			baseConfigurationReference = 546BDC8E42FE5EBF49108453 /* Pods-MVVM-CTests.debug.xcconfig */;
			buildSettings = {
				BUNDLE_LOADER = "$(TEST_HOST)";
				CODE_SIGN_STYLE = Automatic;
				INFOPLIST_FILE = LasoCareTests/Info.plist;
				IPHONEOS_DEPLOYMENT_TARGET = 13.5;
				LD_RUNPATH_SEARCH_PATHS = (
					"$(inherited)",
					"@executable_path/Frameworks",
					"@loader_path/Frameworks",
				);
				PRODUCT_BUNDLE_IDENTIFIER = RCGroup.LasoCareTests;
				PRODUCT_NAME = "$(TARGET_NAME)";
				SWIFT_VERSION = 5.0;
				TARGETED_DEVICE_FAMILY = "1,2";
				TEST_HOST = "$(BUILT_PRODUCTS_DIR)/MVVM-C.app/MVVM-C";
			};
			name = Debug;
		};
		55A5B49D24D67C9400F10070 /* Release */ = {
			isa = XCBuildConfiguration;
			baseConfigurationReference = DE72787014134C5EFB5D1DE9 /* Pods-MVVM-CTests.release.xcconfig */;
			buildSettings = {
				BUNDLE_LOADER = "$(TEST_HOST)";
				CODE_SIGN_STYLE = Automatic;
				INFOPLIST_FILE = LasoCareTests/Info.plist;
				IPHONEOS_DEPLOYMENT_TARGET = 13.5;
				LD_RUNPATH_SEARCH_PATHS = (
					"$(inherited)",
					"@executable_path/Frameworks",
					"@loader_path/Frameworks",
				);
				PRODUCT_BUNDLE_IDENTIFIER = RCGroup.LasoCareTests;
				PRODUCT_NAME = "$(TARGET_NAME)";
				SWIFT_VERSION = 5.0;
				TARGETED_DEVICE_FAMILY = "1,2";
				TEST_HOST = "$(BUILT_PRODUCTS_DIR)/MVVM-C.app/MVVM-C";
			};
			name = Release;
		};
/* End XCBuildConfiguration section */

/* Begin XCConfigurationList section */
		5537C172248CBE9B00367F0C /* Build configuration list for PBXProject "MVVM-C" */ = {
			isa = XCConfigurationList;
			buildConfigurations = (
				5537C189248CBE9C00367F0C /* Debug */,
				5537C18A248CBE9C00367F0C /* Release */,
			);
			defaultConfigurationIsVisible = 0;
			defaultConfigurationName = Release;
		};
		5537C18B248CBE9C00367F0C /* Build configuration list for PBXNativeTarget "MVVM-C" */ = {
			isa = XCConfigurationList;
			buildConfigurations = (
				5537C18C248CBE9C00367F0C /* Debug */,
				5537C18D248CBE9C00367F0C /* Release */,
			);
			defaultConfigurationIsVisible = 0;
			defaultConfigurationName = Release;
		};
		55A5B49E24D67C9400F10070 /* Build configuration list for PBXNativeTarget "MVVM-CTests" */ = {
			isa = XCConfigurationList;
			buildConfigurations = (
				55A5B49C24D67C9400F10070 /* Debug */,
				55A5B49D24D67C9400F10070 /* Release */,
			);
			defaultConfigurationIsVisible = 0;
			defaultConfigurationName = Release;
		};
/* End XCConfigurationList section */
	};
	rootObject = 5537C16F248CBE9B00367F0C /* Project object */;
}
